
Microsoft Visual Studio Solution File, Format Version 10.00
# Visual Studio 2008
Project("{FAE04EC0-301F-11D3-BF4B-00C04F79EFBC}") = "linqpad_extesions", "linqpad_extesions\linqpad_extesions.csproj", "{19E3E50C-9342-4DC7-ADF6-1CC81033ABA7}"
EndProject
Global
	GlobalSection(SolutionConfigurationPlatforms) = preSolution
		Debug|Any CPU = Debug|Any CPU
		Release|Any CPU = Release|Any CPU
	EndGlobalSection
	GlobalSection(ProjectConfigurationPlatforms) = postSolution
		{19E3E50C-9342-4DC7-ADF6-1CC81033ABA7}.Debug|Any CPU.ActiveCfg = Debug|Any CPU
		{19E3E50C-9342-4DC7-ADF6-1CC81033ABA7}.Debug|Any CPU.Build.0 = Debug|Any CPU
		{19E3E50C-9342-4DC7-ADF6-1CC81033ABA7}.Release|Any CPU.ActiveCfg = Release|Any CPU
		{19E3E50C-9342-4DC7-ADF6-1CC81033ABA7}.Release|Any CPU.Build.0 = Release|Any CPU
	EndGlobalSection
	GlobalSection(SolutionProperties) = preSolution
		HideSolutionNode = FALSE
	EndGlobalSection
EndGlobal
