// !$*UTF8*$!
{
	archiveVersion = 1;
	classes = {
	};
	objectVersion = 46;
	objects = {

/* Begin PBXBuildFile section */
		4D6C60F11430BE9500CAD932 /* bingo_pg_buffer_cache.cpp in Sources */ = {isa = PBXBuildFile; fileRef = 4D6C60E11430BE9500CAD932 /* bingo_pg_buffer_cache.cpp */; };
		4D6C60F21430BE9500CAD932 /* bingo_pg_buffer_cache.h in Headers */ = {isa = PBXBuildFile; fileRef = 4D6C60E21430BE9500CAD932 /* bingo_pg_buffer_cache.h */; };
		4D6C60F31430BE9500CAD932 /* bingo_pg_buffer.cpp in Sources */ = {isa = PBXBuildFile; fileRef = 4D6C60E31430BE9500CAD932 /* bingo_pg_buffer.cpp */; };
		4D6C60F41430BE9500CAD932 /* bingo_pg_buffer.h in Headers */ = {isa = PBXBuildFile; fileRef = 4D6C60E41430BE9500CAD932 /* bingo_pg_buffer.h */; };
		4D6C60F51430BE9500CAD932 /* bingo_pg_common.cpp in Sources */ = {isa = PBXBuildFile; fileRef = 4D6C60E51430BE9500CAD932 /* bingo_pg_common.cpp */; };
		4D6C60F61430BE9500CAD932 /* bingo_pg_common.h in Headers */ = {isa = PBXBuildFile; fileRef = 4D6C60E61430BE9500CAD932 /* bingo_pg_common.h */; };
		4D6C60F71430BE9500CAD932 /* bingo_pg_cursor.cpp in Sources */ = {isa = PBXBuildFile; fileRef = 4D6C60E71430BE9500CAD932 /* bingo_pg_cursor.cpp */; };
		4D6C60F81430BE9500CAD932 /* bingo_pg_cursor.h in Headers */ = {isa = PBXBuildFile; fileRef = 4D6C60E81430BE9500CAD932 /* bingo_pg_cursor.h */; };
		4D6C60F91430BE9500CAD932 /* bingo_pg_ext_bitset.cpp in Sources */ = {isa = PBXBuildFile; fileRef = 4D6C60E91430BE9500CAD932 /* bingo_pg_ext_bitset.cpp */; };
		4D6C60FA1430BE9500CAD932 /* bingo_pg_ext_bitset.h in Headers */ = {isa = PBXBuildFile; fileRef = 4D6C60EA1430BE9500CAD932 /* bingo_pg_ext_bitset.h */; };
		4D6C60FB1430BE9500CAD932 /* bingo_pg_section.cpp in Sources */ = {isa = PBXBuildFile; fileRef = 4D6C60EB1430BE9500CAD932 /* bingo_pg_section.cpp */; };
		4D6C60FC1430BE9500CAD932 /* bingo_pg_section.h in Headers */ = {isa = PBXBuildFile; fileRef = 4D6C60EC1430BE9500CAD932 /* bingo_pg_section.h */; };
		4D6C60FD1430BE9500CAD932 /* bingo_pg_text.cpp in Sources */ = {isa = PBXBuildFile; fileRef = 4D6C60ED1430BE9500CAD932 /* bingo_pg_text.cpp */; };
		4D6C60FE1430BE9500CAD932 /* bingo_pg_text.h in Headers */ = {isa = PBXBuildFile; fileRef = 4D6C60EE1430BE9500CAD932 /* bingo_pg_text.h */; };
		4D6C60FF1430BE9500CAD932 /* bingo_postgres.h in Headers */ = {isa = PBXBuildFile; fileRef = 4D6C60EF1430BE9500CAD932 /* bingo_postgres.h */; };
		4D6C61001430BE9500CAD932 /* pg_bingo_context.h in Headers */ = {isa = PBXBuildFile; fileRef = 4D6C60F01430BE9500CAD932 /* pg_bingo_context.h */; };
		4D6C61151430BED700CAD932 /* bingo_pg_build_engine.cpp in Sources */ = {isa = PBXBuildFile; fileRef = 4D6C61011430BED700CAD932 /* bingo_pg_build_engine.cpp */; };
		4D6C61161430BED700CAD932 /* bingo_pg_build_engine.h in Headers */ = {isa = PBXBuildFile; fileRef = 4D6C61021430BED700CAD932 /* bingo_pg_build_engine.h */; };
		4D6C61171430BED700CAD932 /* bingo_pg_build.cpp in Sources */ = {isa = PBXBuildFile; fileRef = 4D6C61031430BED700CAD932 /* bingo_pg_build.cpp */; };
		4D6C61181430BED700CAD932 /* bingo_pg_build.h in Headers */ = {isa = PBXBuildFile; fileRef = 4D6C61041430BED700CAD932 /* bingo_pg_build.h */; };
		4D6C61191430BED700CAD932 /* bingo_pg_config.cpp in Sources */ = {isa = PBXBuildFile; fileRef = 4D6C61051430BED700CAD932 /* bingo_pg_config.cpp */; };
		4D6C611A1430BED700CAD932 /* bingo_pg_config.h in Headers */ = {isa = PBXBuildFile; fileRef = 4D6C61061430BED700CAD932 /* bingo_pg_config.h */; };
		4D6C611B1430BED700CAD932 /* bingo_pg_index.cpp in Sources */ = {isa = PBXBuildFile; fileRef = 4D6C61071430BED700CAD932 /* bingo_pg_index.cpp */; };
		4D6C611C1430BED700CAD932 /* bingo_pg_index.h in Headers */ = {isa = PBXBuildFile; fileRef = 4D6C61081430BED700CAD932 /* bingo_pg_index.h */; };
		4D6C611D1430BED700CAD932 /* bingo_pg_search_engine.cpp in Sources */ = {isa = PBXBuildFile; fileRef = 4D6C61091430BED700CAD932 /* bingo_pg_search_engine.cpp */; };
		4D6C611E1430BED700CAD932 /* bingo_pg_search_engine.h in Headers */ = {isa = PBXBuildFile; fileRef = 4D6C610A1430BED700CAD932 /* bingo_pg_search_engine.h */; };
		4D6C611F1430BED700CAD932 /* bingo_pg_search.cpp in Sources */ = {isa = PBXBuildFile; fileRef = 4D6C610B1430BED700CAD932 /* bingo_pg_search.cpp */; };
		4D6C61201430BED700CAD932 /* bingo_pg_search.h in Headers */ = {isa = PBXBuildFile; fileRef = 4D6C610C1430BED700CAD932 /* bingo_pg_search.h */; };
		4D6C61211430BED700CAD932 /* mango_pg_build_engine.cpp in Sources */ = {isa = PBXBuildFile; fileRef = 4D6C610D1430BED700CAD932 /* mango_pg_build_engine.cpp */; };
		4D6C61221430BED700CAD932 /* mango_pg_build_engine.h in Headers */ = {isa = PBXBuildFile; fileRef = 4D6C610E1430BED700CAD932 /* mango_pg_build_engine.h */; };
		4D6C61231430BED700CAD932 /* mango_pg_search_engine.cpp in Sources */ = {isa = PBXBuildFile; fileRef = 4D6C610F1430BED700CAD932 /* mango_pg_search_engine.cpp */; };
		4D6C61241430BED700CAD932 /* mango_pg_search_engine.h in Headers */ = {isa = PBXBuildFile; fileRef = 4D6C61101430BED700CAD932 /* mango_pg_search_engine.h */; };
		4D6C61251430BED700CAD932 /* ringo_pg_build_engine.cpp in Sources */ = {isa = PBXBuildFile; fileRef = 4D6C61111430BED700CAD932 /* ringo_pg_build_engine.cpp */; };
		4D6C61261430BED700CAD932 /* ringo_pg_build_engine.h in Headers */ = {isa = PBXBuildFile; fileRef = 4D6C61121430BED700CAD932 /* ringo_pg_build_engine.h */; };
		4D6C61271430BED700CAD932 /* ringo_pg_search_engine.cpp in Sources */ = {isa = PBXBuildFile; fileRef = 4D6C61131430BED700CAD932 /* ringo_pg_search_engine.cpp */; };
		4D6C61281430BED700CAD932 /* ringo_pg_search_engine.h in Headers */ = {isa = PBXBuildFile; fileRef = 4D6C61141430BED700CAD932 /* ringo_pg_search_engine.h */; };
		4D6C61351430BEEE00CAD932 /* pg_bingo_build.cpp in Sources */ = {isa = PBXBuildFile; fileRef = 4D6C61291430BEEE00CAD932 /* pg_bingo_build.cpp */; };
		4D6C61361430BEEE00CAD932 /* pg_bingo_costestimate.c in Sources */ = {isa = PBXBuildFile; fileRef = 4D6C612A1430BEEE00CAD932 /* pg_bingo_costestimate.c */; };
		4D6C61371430BEEE00CAD932 /* pg_bingo_gist.c in Sources */ = {isa = PBXBuildFile; fileRef = 4D6C612B1430BEEE00CAD932 /* pg_bingo_gist.c */; };
		4D6C61381430BEEE00CAD932 /* pg_bingo_import.cpp in Sources */ = {isa = PBXBuildFile; fileRef = 4D6C612C1430BEEE00CAD932 /* pg_bingo_import.cpp */; };
		4D6C61391430BEEE00CAD932 /* pg_bingo_options.cpp in Sources */ = {isa = PBXBuildFile; fileRef = 4D6C612D1430BEEE00CAD932 /* pg_bingo_options.cpp */; };
		4D6C613A1430BEEE00CAD932 /* pg_bingo_search.cpp in Sources */ = {isa = PBXBuildFile; fileRef = 4D6C612E1430BEEE00CAD932 /* pg_bingo_search.cpp */; };
		4D6C613B1430BEEE00CAD932 /* pg_bingo_update.cpp in Sources */ = {isa = PBXBuildFile; fileRef = 4D6C612F1430BEEE00CAD932 /* pg_bingo_update.cpp */; };
		4D6C613C1430BEEE00CAD932 /* pg_bingo_utils.cpp in Sources */ = {isa = PBXBuildFile; fileRef = 4D6C61301430BEEE00CAD932 /* pg_bingo_utils.cpp */; };
		4D6C613D1430BEEE00CAD932 /* pg_mango_match.cpp in Sources */ = {isa = PBXBuildFile; fileRef = 4D6C61311430BEEE00CAD932 /* pg_mango_match.cpp */; };
		4D6C613E1430BEEE00CAD932 /* pg_mango_utils.cpp in Sources */ = {isa = PBXBuildFile; fileRef = 4D6C61321430BEEE00CAD932 /* pg_mango_utils.cpp */; };
		4D6C613F1430BEEE00CAD932 /* pg_ringo_match.cpp in Sources */ = {isa = PBXBuildFile; fileRef = 4D6C61331430BEEE00CAD932 /* pg_ringo_match.cpp */; };
		4D6C61401430BEEE00CAD932 /* pg_ringo_utils.cpp in Sources */ = {isa = PBXBuildFile; fileRef = 4D6C61341430BEEE00CAD932 /* pg_ringo_utils.cpp */; };
		4D6C61571430BF3500CAD932 /* bingo_context.cpp in Sources */ = {isa = PBXBuildFile; fileRef = 4D6C61411430BF3500CAD932 /* bingo_context.cpp */; };
		4D6C61581430BF3500CAD932 /* bingo_context.h in Headers */ = {isa = PBXBuildFile; fileRef = 4D6C61421430BF3500CAD932 /* bingo_context.h */; };
		4D6C61591430BF3500CAD932 /* bingo_error.h in Headers */ = {isa = PBXBuildFile; fileRef = 4D6C61431430BF3500CAD932 /* bingo_error.h */; };
		4D6C615A1430BF3500CAD932 /* bingo_index.h in Headers */ = {isa = PBXBuildFile; fileRef = 4D6C61441430BF3500CAD932 /* bingo_index.h */; };
		4D6C615B1430BF3500CAD932 /* mango_context.cpp in Sources */ = {isa = PBXBuildFile; fileRef = 4D6C61451430BF3500CAD932 /* mango_context.cpp */; };
		4D6C615C1430BF3500CAD932 /* mango_context.h in Headers */ = {isa = PBXBuildFile; fileRef = 4D6C61461430BF3500CAD932 /* mango_context.h */; };
		4D6C615D1430BF3500CAD932 /* mango_exact.cpp in Sources */ = {isa = PBXBuildFile; fileRef = 4D6C61471430BF3500CAD932 /* mango_exact.cpp */; };
		4D6C615E1430BF3500CAD932 /* mango_gross.cpp in Sources */ = {isa = PBXBuildFile; fileRef = 4D6C61481430BF3500CAD932 /* mango_gross.cpp */; };
		4D6C615F1430BF3500CAD932 /* mango_index.cpp in Sources */ = {isa = PBXBuildFile; fileRef = 4D6C61491430BF3500CAD932 /* mango_index.cpp */; };
		4D6C61601430BF3500CAD932 /* mango_index.h in Headers */ = {isa = PBXBuildFile; fileRef = 4D6C614A1430BF3500CAD932 /* mango_index.h */; };
		4D6C61611430BF3500CAD932 /* mango_matchers.h in Headers */ = {isa = PBXBuildFile; fileRef = 4D6C614B1430BF3500CAD932 /* mango_matchers.h */; };
		4D6C61621430BF3500CAD932 /* mango_similarity.cpp in Sources */ = {isa = PBXBuildFile; fileRef = 4D6C614C1430BF3500CAD932 /* mango_similarity.cpp */; };
		4D6C61631430BF3500CAD932 /* mango_substructure.cpp in Sources */ = {isa = PBXBuildFile; fileRef = 4D6C614D1430BF3500CAD932 /* mango_substructure.cpp */; };
		4D6C61641430BF3500CAD932 /* mango_tautomer.cpp in Sources */ = {isa = PBXBuildFile; fileRef = 4D6C614E1430BF3500CAD932 /* mango_tautomer.cpp */; };
		4D6C61651430BF3500CAD932 /* ringo_aam.cpp in Sources */ = {isa = PBXBuildFile; fileRef = 4D6C614F1430BF3500CAD932 /* ringo_aam.cpp */; };
		4D6C61661430BF3500CAD932 /* ringo_context.cpp in Sources */ = {isa = PBXBuildFile; fileRef = 4D6C61501430BF3500CAD932 /* ringo_context.cpp */; };
		4D6C61671430BF3500CAD932 /* ringo_context.h in Headers */ = {isa = PBXBuildFile; fileRef = 4D6C61511430BF3500CAD932 /* ringo_context.h */; };
		4D6C61681430BF3500CAD932 /* ringo_exact.cpp in Sources */ = {isa = PBXBuildFile; fileRef = 4D6C61521430BF3500CAD932 /* ringo_exact.cpp */; };
		4D6C61691430BF3500CAD932 /* ringo_index.cpp in Sources */ = {isa = PBXBuildFile; fileRef = 4D6C61531430BF3500CAD932 /* ringo_index.cpp */; };
		4D6C616A1430BF3500CAD932 /* ringo_index.h in Headers */ = {isa = PBXBuildFile; fileRef = 4D6C61541430BF3500CAD932 /* ringo_index.h */; };
		4D6C616B1430BF3500CAD932 /* ringo_matchers.h in Headers */ = {isa = PBXBuildFile; fileRef = 4D6C61551430BF3500CAD932 /* ringo_matchers.h */; };
		4D6C616C1430BF3500CAD932 /* ringo_substructure.cpp in Sources */ = {isa = PBXBuildFile; fileRef = 4D6C61561430BF3500CAD932 /* ringo_substructure.cpp */; };
		4D6C61791430BF6100CAD932 /* bingo_core_c_internal.h in Headers */ = {isa = PBXBuildFile; fileRef = 4D6C616E1430BF6100CAD932 /* bingo_core_c_internal.h */; };
		4D6C617A1430BF6100CAD932 /* bingo_core_c_parallel.cpp in Sources */ = {isa = PBXBuildFile; fileRef = 4D6C616F1430BF6100CAD932 /* bingo_core_c_parallel.cpp */; };
		4D6C617B1430BF6100CAD932 /* bingo_core_c_parallel.h in Headers */ = {isa = PBXBuildFile; fileRef = 4D6C61701430BF6100CAD932 /* bingo_core_c_parallel.h */; };
		4D6C617C1430BF6100CAD932 /* bingo_core_c.cpp in Sources */ = {isa = PBXBuildFile; fileRef = 4D6C61711430BF6100CAD932 /* bingo_core_c.cpp */; };
		4D6C617D1430BF6100CAD932 /* bingo_core_c.h in Headers */ = {isa = PBXBuildFile; fileRef = 4D6C61721430BF6100CAD932 /* bingo_core_c.h */; };
		4D6C617E1430BF6100CAD932 /* mango_core_c_parallel.cpp in Sources */ = {isa = PBXBuildFile; fileRef = 4D6C61731430BF6100CAD932 /* mango_core_c_parallel.cpp */; };
		4D6C617F1430BF6100CAD932 /* mango_core_c_parallel.h in Headers */ = {isa = PBXBuildFile; fileRef = 4D6C61741430BF6100CAD932 /* mango_core_c_parallel.h */; };
		4D6C61801430BF6100CAD932 /* mango_core_c.cpp in Sources */ = {isa = PBXBuildFile; fileRef = 4D6C61751430BF6100CAD932 /* mango_core_c.cpp */; };
		4D6C61811430BF6100CAD932 /* ringo_core_c_parallel.cpp in Sources */ = {isa = PBXBuildFile; fileRef = 4D6C61761430BF6100CAD932 /* ringo_core_c_parallel.cpp */; };
		4D6C61821430BF6100CAD932 /* ringo_core_c_parallel.h in Headers */ = {isa = PBXBuildFile; fileRef = 4D6C61771430BF6100CAD932 /* ringo_core_c_parallel.h */; };
		4D6C61831430BF6100CAD932 /* ringo_core_c.cpp in Sources */ = {isa = PBXBuildFile; fileRef = 4D6C61781430BF6100CAD932 /* ringo_core_c.cpp */; };
		4D6C642A1430C49800CAD932 /* libz.dylib in Frameworks */ = {isa = PBXBuildFile; fileRef = 4D6C64291430C49800CAD932 /* libz.dylib */; };
		4D6C65431430CE2B00CAD932 /* chunk_storage.cpp in Sources */ = {isa = PBXBuildFile; fileRef = 4D6C65411430CE2B00CAD932 /* chunk_storage.cpp */; };
		4D6C65441430CE2B00CAD932 /* chunk_storage.h in Headers */ = {isa = PBXBuildFile; fileRef = 4D6C65421430CE2B00CAD932 /* chunk_storage.h */; };
		4D80FE191487A3A40063751E /* libmolecule.a in Frameworks */ = {isa = PBXBuildFile; fileRef = 4D80FDAB14879D0D0063751E /* libmolecule.a */; };
		4D80FE1A1487A3A80063751E /* libgraph.a in Frameworks */ = {isa = PBXBuildFile; fileRef = 4D80FDB314879D170063751E /* libgraph.a */; };
		4D80FE1B1487A3AC0063751E /* libtinyxml.a in Frameworks */ = {isa = PBXBuildFile; fileRef = 4D80FDC714879D270063751E /* libtinyxml.a */; };
		4D80FE1C1487A3AF0063751E /* liblayout.a in Frameworks */ = {isa = PBXBuildFile; fileRef = 4D80FDCF14879D2F0063751E /* liblayout.a */; };
		4D80FE1D1487A3B30063751E /* libreaction.a in Frameworks */ = {isa = PBXBuildFile; fileRef = 4D80FDD714879D390063751E /* libreaction.a */; };
/* End PBXBuildFile section */

/* Begin PBXContainerItemProxy section */
		4D80FDAA14879D0D0063751E /* PBXContainerItemProxy */ = {
			isa = PBXContainerItemProxy;
			containerPortal = 4D6C63DA1430C2B000CAD932 /* molecule.xcodeproj */;
			proxyType = 2;
			remoteGlobalIDString = A7EDA4CE10624F33006CBFAF;
			remoteInfo = molecule;
		};
		4D80FDB214879D170063751E /* PBXContainerItemProxy */ = {
			isa = PBXContainerItemProxy;
			containerPortal = 4D6C63E41430C2CD00CAD932 /* graph.xcodeproj */;
			proxyType = 2;
			remoteGlobalIDString = A7EDA3FC10624B53006CBFAF;
			remoteInfo = graph;
		};
		4D80FDC614879D270063751E /* PBXContainerItemProxy */ = {
			isa = PBXContainerItemProxy;
			containerPortal = 4D6C63EE1430C2E200CAD932 /* tinyxml.xcodeproj */;
			proxyType = 2;
			remoteGlobalIDString = 810BD6BD12F2D5FF004D1772;
			remoteInfo = tinyxml;
		};
		4D80FDCE14879D2F0063751E /* PBXContainerItemProxy */ = {
			isa = PBXContainerItemProxy;
			containerPortal = 4D6C63F81430C31500CAD932 /* layout.xcodeproj */;
			proxyType = 2;
			remoteGlobalIDString = A7EDA5CA106251C3006CBFAF;
			remoteInfo = layout;
		};
		4D80FDD614879D390063751E /* PBXContainerItemProxy */ = {
			isa = PBXContainerItemProxy;
			containerPortal = 4D6C64061430C37200CAD932 /* reaction.xcodeproj */;
			proxyType = 2;
			remoteGlobalIDString = A7EDA55610625076006CBFAF;
			remoteInfo = reaction;
		};
		4D99BE7D1487C7BA000814F9 /* PBXContainerItemProxy */ = {
			isa = PBXContainerItemProxy;
			containerPortal = 4D6C63E41430C2CD00CAD932 /* graph.xcodeproj */;
			proxyType = 1;
			remoteGlobalIDString = A7EDA3FB10624B53006CBFAF /* graph */;
			remoteInfo = graph;
		};
		4D99BE7F1487C7BF000814F9 /* PBXContainerItemProxy */ = {
			isa = PBXContainerItemProxy;
			containerPortal = 4D6C64061430C37200CAD932 /* reaction.xcodeproj */;
			proxyType = 1;
			remoteGlobalIDString = A7EDA55510625076006CBFAF /* reaction */;
			remoteInfo = reaction;
		};
		4D99BE811487C7C4000814F9 /* PBXContainerItemProxy */ = {
			isa = PBXContainerItemProxy;
			containerPortal = 4D6C63EE1430C2E200CAD932 /* tinyxml.xcodeproj */;
			proxyType = 1;
			remoteGlobalIDString = 810BD6BC12F2D5FF004D1772 /* tinyxml */;
			remoteInfo = tinyxml;
		};
		4D99BE831487C7C7000814F9 /* PBXContainerItemProxy */ = {
			isa = PBXContainerItemProxy;
			containerPortal = 4D6C63F81430C31500CAD932 /* layout.xcodeproj */;
			proxyType = 1;
			remoteGlobalIDString = A7EDA5C9106251C3006CBFAF /* layout */;
			remoteInfo = layout;
		};
		4D99BE851487C7CA000814F9 /* PBXContainerItemProxy */ = {
			isa = PBXContainerItemProxy;
			containerPortal = 4D6C63DA1430C2B000CAD932 /* molecule.xcodeproj */;
			proxyType = 1;
			remoteGlobalIDString = A7EDA4CD10624F33006CBFAF /* molecule */;
			remoteInfo = molecule;
		};
/* End PBXContainerItemProxy section */

/* Begin PBXCopyFilesBuildPhase section */
		A740C7C71063E86E003C9A87 /* CopyFiles */ = {
			isa = PBXCopyFilesBuildPhase;
			buildActionMask = 2147483647;
			dstPath = "";
			dstSubfolderSpec = 16;
			files = (
			);
			runOnlyForDeploymentPostprocessing = 0;
		};
/* End PBXCopyFilesBuildPhase section */

/* Begin PBXFileReference section */
		4D6C60CE1430BB8F00CAD932 /* bingo_postgres.dylib */ = {isa = PBXFileReference; explicitFileType = "compiled.mach-o.dylib"; includeInIndex = 0; path = bingo_postgres.dylib; sourceTree = BUILT_PRODUCTS_DIR; };
		4D6C60E11430BE9500CAD932 /* bingo_pg_buffer_cache.cpp */ = {isa = PBXFileReference; fileEncoding = 4; lastKnownFileType = sourcecode.cpp.cpp; name = bingo_pg_buffer_cache.cpp; path = src/pg_common/bingo_pg_buffer_cache.cpp; sourceTree = "<group>"; };
		4D6C60E21430BE9500CAD932 /* bingo_pg_buffer_cache.h */ = {isa = PBXFileReference; fileEncoding = 4; lastKnownFileType = sourcecode.c.h; name = bingo_pg_buffer_cache.h; path = src/pg_common/bingo_pg_buffer_cache.h; sourceTree = "<group>"; };
		4D6C60E31430BE9500CAD932 /* bingo_pg_buffer.cpp */ = {isa = PBXFileReference; fileEncoding = 4; lastKnownFileType = sourcecode.cpp.cpp; name = bingo_pg_buffer.cpp; path = src/pg_common/bingo_pg_buffer.cpp; sourceTree = "<group>"; };
		4D6C60E41430BE9500CAD932 /* bingo_pg_buffer.h */ = {isa = PBXFileReference; fileEncoding = 4; lastKnownFileType = sourcecode.c.h; name = bingo_pg_buffer.h; path = src/pg_common/bingo_pg_buffer.h; sourceTree = "<group>"; };
		4D6C60E51430BE9500CAD932 /* bingo_pg_common.cpp */ = {isa = PBXFileReference; fileEncoding = 4; lastKnownFileType = sourcecode.cpp.cpp; name = bingo_pg_common.cpp; path = src/pg_common/bingo_pg_common.cpp; sourceTree = "<group>"; };
		4D6C60E61430BE9500CAD932 /* bingo_pg_common.h */ = {isa = PBXFileReference; fileEncoding = 4; lastKnownFileType = sourcecode.c.h; name = bingo_pg_common.h; path = src/pg_common/bingo_pg_common.h; sourceTree = "<group>"; };
		4D6C60E71430BE9500CAD932 /* bingo_pg_cursor.cpp */ = {isa = PBXFileReference; fileEncoding = 4; lastKnownFileType = sourcecode.cpp.cpp; name = bingo_pg_cursor.cpp; path = src/pg_common/bingo_pg_cursor.cpp; sourceTree = "<group>"; };
		4D6C60E81430BE9500CAD932 /* bingo_pg_cursor.h */ = {isa = PBXFileReference; fileEncoding = 4; lastKnownFileType = sourcecode.c.h; name = bingo_pg_cursor.h; path = src/pg_common/bingo_pg_cursor.h; sourceTree = "<group>"; };
		4D6C60E91430BE9500CAD932 /* bingo_pg_ext_bitset.cpp */ = {isa = PBXFileReference; fileEncoding = 4; lastKnownFileType = sourcecode.cpp.cpp; name = bingo_pg_ext_bitset.cpp; path = src/pg_common/bingo_pg_ext_bitset.cpp; sourceTree = "<group>"; };
		4D6C60EA1430BE9500CAD932 /* bingo_pg_ext_bitset.h */ = {isa = PBXFileReference; fileEncoding = 4; lastKnownFileType = sourcecode.c.h; name = bingo_pg_ext_bitset.h; path = src/pg_common/bingo_pg_ext_bitset.h; sourceTree = "<group>"; };
		4D6C60EB1430BE9500CAD932 /* bingo_pg_section.cpp */ = {isa = PBXFileReference; fileEncoding = 4; lastKnownFileType = sourcecode.cpp.cpp; name = bingo_pg_section.cpp; path = src/pg_common/bingo_pg_section.cpp; sourceTree = "<group>"; };
		4D6C60EC1430BE9500CAD932 /* bingo_pg_section.h */ = {isa = PBXFileReference; fileEncoding = 4; lastKnownFileType = sourcecode.c.h; name = bingo_pg_section.h; path = src/pg_common/bingo_pg_section.h; sourceTree = "<group>"; };
		4D6C60ED1430BE9500CAD932 /* bingo_pg_text.cpp */ = {isa = PBXFileReference; fileEncoding = 4; lastKnownFileType = sourcecode.cpp.cpp; name = bingo_pg_text.cpp; path = src/pg_common/bingo_pg_text.cpp; sourceTree = "<group>"; };
		4D6C60EE1430BE9500CAD932 /* bingo_pg_text.h */ = {isa = PBXFileReference; fileEncoding = 4; lastKnownFileType = sourcecode.c.h; name = bingo_pg_text.h; path = src/pg_common/bingo_pg_text.h; sourceTree = "<group>"; };
		4D6C60EF1430BE9500CAD932 /* bingo_postgres.h */ = {isa = PBXFileReference; fileEncoding = 4; lastKnownFileType = sourcecode.c.h; name = bingo_postgres.h; path = src/pg_common/bingo_postgres.h; sourceTree = "<group>"; };
		4D6C60F01430BE9500CAD932 /* pg_bingo_context.h */ = {isa = PBXFileReference; fileEncoding = 4; lastKnownFileType = sourcecode.c.h; name = pg_bingo_context.h; path = src/pg_common/pg_bingo_context.h; sourceTree = "<group>"; };
		4D6C61011430BED700CAD932 /* bingo_pg_build_engine.cpp */ = {isa = PBXFileReference; fileEncoding = 4; lastKnownFileType = sourcecode.cpp.cpp; name = bingo_pg_build_engine.cpp; path = src/pg_core/bingo_pg_build_engine.cpp; sourceTree = "<group>"; };
		4D6C61021430BED700CAD932 /* bingo_pg_build_engine.h */ = {isa = PBXFileReference; fileEncoding = 4; lastKnownFileType = sourcecode.c.h; name = bingo_pg_build_engine.h; path = src/pg_core/bingo_pg_build_engine.h; sourceTree = "<group>"; };
		4D6C61031430BED700CAD932 /* bingo_pg_build.cpp */ = {isa = PBXFileReference; fileEncoding = 4; lastKnownFileType = sourcecode.cpp.cpp; name = bingo_pg_build.cpp; path = src/pg_core/bingo_pg_build.cpp; sourceTree = "<group>"; };
		4D6C61041430BED700CAD932 /* bingo_pg_build.h */ = {isa = PBXFileReference; fileEncoding = 4; lastKnownFileType = sourcecode.c.h; name = bingo_pg_build.h; path = src/pg_core/bingo_pg_build.h; sourceTree = "<group>"; };
		4D6C61051430BED700CAD932 /* bingo_pg_config.cpp */ = {isa = PBXFileReference; fileEncoding = 4; lastKnownFileType = sourcecode.cpp.cpp; name = bingo_pg_config.cpp; path = src/pg_core/bingo_pg_config.cpp; sourceTree = "<group>"; };
		4D6C61061430BED700CAD932 /* bingo_pg_config.h */ = {isa = PBXFileReference; fileEncoding = 4; lastKnownFileType = sourcecode.c.h; name = bingo_pg_config.h; path = src/pg_core/bingo_pg_config.h; sourceTree = "<group>"; };
		4D6C61071430BED700CAD932 /* bingo_pg_index.cpp */ = {isa = PBXFileReference; fileEncoding = 4; lastKnownFileType = sourcecode.cpp.cpp; name = bingo_pg_index.cpp; path = src/pg_core/bingo_pg_index.cpp; sourceTree = "<group>"; };
		4D6C61081430BED700CAD932 /* bingo_pg_index.h */ = {isa = PBXFileReference; fileEncoding = 4; lastKnownFileType = sourcecode.c.h; name = bingo_pg_index.h; path = src/pg_core/bingo_pg_index.h; sourceTree = "<group>"; };
		4D6C61091430BED700CAD932 /* bingo_pg_search_engine.cpp */ = {isa = PBXFileReference; fileEncoding = 4; lastKnownFileType = sourcecode.cpp.cpp; name = bingo_pg_search_engine.cpp; path = src/pg_core/bingo_pg_search_engine.cpp; sourceTree = "<group>"; };
		4D6C610A1430BED700CAD932 /* bingo_pg_search_engine.h */ = {isa = PBXFileReference; fileEncoding = 4; lastKnownFileType = sourcecode.c.h; name = bingo_pg_search_engine.h; path = src/pg_core/bingo_pg_search_engine.h; sourceTree = "<group>"; };
		4D6C610B1430BED700CAD932 /* bingo_pg_search.cpp */ = {isa = PBXFileReference; fileEncoding = 4; lastKnownFileType = sourcecode.cpp.cpp; name = bingo_pg_search.cpp; path = src/pg_core/bingo_pg_search.cpp; sourceTree = "<group>"; };
		4D6C610C1430BED700CAD932 /* bingo_pg_search.h */ = {isa = PBXFileReference; fileEncoding = 4; lastKnownFileType = sourcecode.c.h; name = bingo_pg_search.h; path = src/pg_core/bingo_pg_search.h; sourceTree = "<group>"; };
		4D6C610D1430BED700CAD932 /* mango_pg_build_engine.cpp */ = {isa = PBXFileReference; fileEncoding = 4; lastKnownFileType = sourcecode.cpp.cpp; name = mango_pg_build_engine.cpp; path = src/pg_core/mango_pg_build_engine.cpp; sourceTree = "<group>"; };
		4D6C610E1430BED700CAD932 /* mango_pg_build_engine.h */ = {isa = PBXFileReference; fileEncoding = 4; lastKnownFileType = sourcecode.c.h; name = mango_pg_build_engine.h; path = src/pg_core/mango_pg_build_engine.h; sourceTree = "<group>"; };
		4D6C610F1430BED700CAD932 /* mango_pg_search_engine.cpp */ = {isa = PBXFileReference; fileEncoding = 4; lastKnownFileType = sourcecode.cpp.cpp; name = mango_pg_search_engine.cpp; path = src/pg_core/mango_pg_search_engine.cpp; sourceTree = "<group>"; };
		4D6C61101430BED700CAD932 /* mango_pg_search_engine.h */ = {isa = PBXFileReference; fileEncoding = 4; lastKnownFileType = sourcecode.c.h; name = mango_pg_search_engine.h; path = src/pg_core/mango_pg_search_engine.h; sourceTree = "<group>"; };
		4D6C61111430BED700CAD932 /* ringo_pg_build_engine.cpp */ = {isa = PBXFileReference; fileEncoding = 4; lastKnownFileType = sourcecode.cpp.cpp; name = ringo_pg_build_engine.cpp; path = src/pg_core/ringo_pg_build_engine.cpp; sourceTree = "<group>"; };
		4D6C61121430BED700CAD932 /* ringo_pg_build_engine.h */ = {isa = PBXFileReference; fileEncoding = 4; lastKnownFileType = sourcecode.c.h; name = ringo_pg_build_engine.h; path = src/pg_core/ringo_pg_build_engine.h; sourceTree = "<group>"; };
		4D6C61131430BED700CAD932 /* ringo_pg_search_engine.cpp */ = {isa = PBXFileReference; fileEncoding = 4; lastKnownFileType = sourcecode.cpp.cpp; name = ringo_pg_search_engine.cpp; path = src/pg_core/ringo_pg_search_engine.cpp; sourceTree = "<group>"; };
		4D6C61141430BED700CAD932 /* ringo_pg_search_engine.h */ = {isa = PBXFileReference; fileEncoding = 4; lastKnownFileType = sourcecode.c.h; name = ringo_pg_search_engine.h; path = src/pg_core/ringo_pg_search_engine.h; sourceTree = "<group>"; };
		4D6C61291430BEEE00CAD932 /* pg_bingo_build.cpp */ = {isa = PBXFileReference; fileEncoding = 4; lastKnownFileType = sourcecode.cpp.cpp; name = pg_bingo_build.cpp; path = src/pg_am/pg_bingo_build.cpp; sourceTree = "<group>"; };
		4D6C612A1430BEEE00CAD932 /* pg_bingo_costestimate.c */ = {isa = PBXFileReference; fileEncoding = 4; lastKnownFileType = sourcecode.c.c; name = pg_bingo_costestimate.c; path = src/pg_am/pg_bingo_costestimate.c; sourceTree = "<group>"; };
		4D6C612B1430BEEE00CAD932 /* pg_bingo_gist.c */ = {isa = PBXFileReference; fileEncoding = 4; lastKnownFileType = sourcecode.c.c; name = pg_bingo_gist.c; path = src/pg_am/pg_bingo_gist.c; sourceTree = "<group>"; };
		4D6C612C1430BEEE00CAD932 /* pg_bingo_import.cpp */ = {isa = PBXFileReference; fileEncoding = 4; lastKnownFileType = sourcecode.cpp.cpp; name = pg_bingo_import.cpp; path = src/pg_am/pg_bingo_import.cpp; sourceTree = "<group>"; };
		4D6C612D1430BEEE00CAD932 /* pg_bingo_options.cpp */ = {isa = PBXFileReference; fileEncoding = 4; lastKnownFileType = sourcecode.cpp.cpp; name = pg_bingo_options.cpp; path = src/pg_am/pg_bingo_options.cpp; sourceTree = "<group>"; };
		4D6C612E1430BEEE00CAD932 /* pg_bingo_search.cpp */ = {isa = PBXFileReference; fileEncoding = 4; lastKnownFileType = sourcecode.cpp.cpp; name = pg_bingo_search.cpp; path = src/pg_am/pg_bingo_search.cpp; sourceTree = "<group>"; };
		4D6C612F1430BEEE00CAD932 /* pg_bingo_update.cpp */ = {isa = PBXFileReference; fileEncoding = 4; lastKnownFileType = sourcecode.cpp.cpp; name = pg_bingo_update.cpp; path = src/pg_am/pg_bingo_update.cpp; sourceTree = "<group>"; };
		4D6C61301430BEEE00CAD932 /* pg_bingo_utils.cpp */ = {isa = PBXFileReference; fileEncoding = 4; lastKnownFileType = sourcecode.cpp.cpp; name = pg_bingo_utils.cpp; path = src/pg_am/pg_bingo_utils.cpp; sourceTree = "<group>"; };
		4D6C61311430BEEE00CAD932 /* pg_mango_match.cpp */ = {isa = PBXFileReference; fileEncoding = 4; lastKnownFileType = sourcecode.cpp.cpp; name = pg_mango_match.cpp; path = src/pg_am/pg_mango_match.cpp; sourceTree = "<group>"; };
		4D6C61321430BEEE00CAD932 /* pg_mango_utils.cpp */ = {isa = PBXFileReference; fileEncoding = 4; lastKnownFileType = sourcecode.cpp.cpp; name = pg_mango_utils.cpp; path = src/pg_am/pg_mango_utils.cpp; sourceTree = "<group>"; };
		4D6C61331430BEEE00CAD932 /* pg_ringo_match.cpp */ = {isa = PBXFileReference; fileEncoding = 4; lastKnownFileType = sourcecode.cpp.cpp; name = pg_ringo_match.cpp; path = src/pg_am/pg_ringo_match.cpp; sourceTree = "<group>"; };
		4D6C61341430BEEE00CAD932 /* pg_ringo_utils.cpp */ = {isa = PBXFileReference; fileEncoding = 4; lastKnownFileType = sourcecode.cpp.cpp; name = pg_ringo_utils.cpp; path = src/pg_am/pg_ringo_utils.cpp; sourceTree = "<group>"; };
		4D6C61411430BF3500CAD932 /* bingo_context.cpp */ = {isa = PBXFileReference; fileEncoding = 4; lastKnownFileType = sourcecode.cpp.cpp; name = bingo_context.cpp; path = ../src/core/bingo_context.cpp; sourceTree = SOURCE_ROOT; };
		4D6C61421430BF3500CAD932 /* bingo_context.h */ = {isa = PBXFileReference; fileEncoding = 4; lastKnownFileType = sourcecode.c.h; name = bingo_context.h; path = ../src/core/bingo_context.h; sourceTree = SOURCE_ROOT; };
		4D6C61431430BF3500CAD932 /* bingo_error.h */ = {isa = PBXFileReference; fileEncoding = 4; lastKnownFileType = sourcecode.c.h; name = bingo_error.h; path = ../src/core/bingo_error.h; sourceTree = SOURCE_ROOT; };
		4D6C61441430BF3500CAD932 /* bingo_index.h */ = {isa = PBXFileReference; fileEncoding = 4; lastKnownFileType = sourcecode.c.h; name = bingo_index.h; path = ../src/core/bingo_index.h; sourceTree = SOURCE_ROOT; };
		4D6C61451430BF3500CAD932 /* mango_context.cpp */ = {isa = PBXFileReference; fileEncoding = 4; lastKnownFileType = sourcecode.cpp.cpp; name = mango_context.cpp; path = ../src/core/mango_context.cpp; sourceTree = SOURCE_ROOT; };
		4D6C61461430BF3500CAD932 /* mango_context.h */ = {isa = PBXFileReference; fileEncoding = 4; lastKnownFileType = sourcecode.c.h; name = mango_context.h; path = ../src/core/mango_context.h; sourceTree = SOURCE_ROOT; };
		4D6C61471430BF3500CAD932 /* mango_exact.cpp */ = {isa = PBXFileReference; fileEncoding = 4; lastKnownFileType = sourcecode.cpp.cpp; name = mango_exact.cpp; path = ../src/core/mango_exact.cpp; sourceTree = SOURCE_ROOT; };
		4D6C61481430BF3500CAD932 /* mango_gross.cpp */ = {isa = PBXFileReference; fileEncoding = 4; lastKnownFileType = sourcecode.cpp.cpp; name = mango_gross.cpp; path = ../src/core/mango_gross.cpp; sourceTree = SOURCE_ROOT; };
		4D6C61491430BF3500CAD932 /* mango_index.cpp */ = {isa = PBXFileReference; fileEncoding = 4; lastKnownFileType = sourcecode.cpp.cpp; name = mango_index.cpp; path = ../src/core/mango_index.cpp; sourceTree = SOURCE_ROOT; };
		4D6C614A1430BF3500CAD932 /* mango_index.h */ = {isa = PBXFileReference; fileEncoding = 4; lastKnownFileType = sourcecode.c.h; name = mango_index.h; path = ../src/core/mango_index.h; sourceTree = SOURCE_ROOT; };
		4D6C614B1430BF3500CAD932 /* mango_matchers.h */ = {isa = PBXFileReference; fileEncoding = 4; lastKnownFileType = sourcecode.c.h; name = mango_matchers.h; path = ../src/core/mango_matchers.h; sourceTree = SOURCE_ROOT; };
		4D6C614C1430BF3500CAD932 /* mango_similarity.cpp */ = {isa = PBXFileReference; fileEncoding = 4; lastKnownFileType = sourcecode.cpp.cpp; name = mango_similarity.cpp; path = ../src/core/mango_similarity.cpp; sourceTree = SOURCE_ROOT; };
		4D6C614D1430BF3500CAD932 /* mango_substructure.cpp */ = {isa = PBXFileReference; fileEncoding = 4; lastKnownFileType = sourcecode.cpp.cpp; name = mango_substructure.cpp; path = ../src/core/mango_substructure.cpp; sourceTree = SOURCE_ROOT; };
		4D6C614E1430BF3500CAD932 /* mango_tautomer.cpp */ = {isa = PBXFileReference; fileEncoding = 4; lastKnownFileType = sourcecode.cpp.cpp; name = mango_tautomer.cpp; path = ../src/core/mango_tautomer.cpp; sourceTree = SOURCE_ROOT; };
		4D6C614F1430BF3500CAD932 /* ringo_aam.cpp */ = {isa = PBXFileReference; fileEncoding = 4; lastKnownFileType = sourcecode.cpp.cpp; name = ringo_aam.cpp; path = ../src/core/ringo_aam.cpp; sourceTree = SOURCE_ROOT; };
		4D6C61501430BF3500CAD932 /* ringo_context.cpp */ = {isa = PBXFileReference; fileEncoding = 4; lastKnownFileType = sourcecode.cpp.cpp; name = ringo_context.cpp; path = ../src/core/ringo_context.cpp; sourceTree = SOURCE_ROOT; };
		4D6C61511430BF3500CAD932 /* ringo_context.h */ = {isa = PBXFileReference; fileEncoding = 4; lastKnownFileType = sourcecode.c.h; name = ringo_context.h; path = ../src/core/ringo_context.h; sourceTree = SOURCE_ROOT; };
		4D6C61521430BF3500CAD932 /* ringo_exact.cpp */ = {isa = PBXFileReference; fileEncoding = 4; lastKnownFileType = sourcecode.cpp.cpp; name = ringo_exact.cpp; path = ../src/core/ringo_exact.cpp; sourceTree = SOURCE_ROOT; };
		4D6C61531430BF3500CAD932 /* ringo_index.cpp */ = {isa = PBXFileReference; fileEncoding = 4; lastKnownFileType = sourcecode.cpp.cpp; name = ringo_index.cpp; path = ../src/core/ringo_index.cpp; sourceTree = SOURCE_ROOT; };
		4D6C61541430BF3500CAD932 /* ringo_index.h */ = {isa = PBXFileReference; fileEncoding = 4; lastKnownFileType = sourcecode.c.h; name = ringo_index.h; path = ../src/core/ringo_index.h; sourceTree = SOURCE_ROOT; };
		4D6C61551430BF3500CAD932 /* ringo_matchers.h */ = {isa = PBXFileReference; fileEncoding = 4; lastKnownFileType = sourcecode.c.h; name = ringo_matchers.h; path = ../src/core/ringo_matchers.h; sourceTree = SOURCE_ROOT; };
		4D6C61561430BF3500CAD932 /* ringo_substructure.cpp */ = {isa = PBXFileReference; fileEncoding = 4; lastKnownFileType = sourcecode.cpp.cpp; name = ringo_substructure.cpp; path = ../src/core/ringo_substructure.cpp; sourceTree = SOURCE_ROOT; };
		4D6C616E1430BF6100CAD932 /* bingo_core_c_internal.h */ = {isa = PBXFileReference; fileEncoding = 4; lastKnownFileType = sourcecode.c.h; name = bingo_core_c_internal.h; path = "../src/core-c/bingo_core_c_internal.h"; sourceTree = SOURCE_ROOT; };
		4D6C616F1430BF6100CAD932 /* bingo_core_c_parallel.cpp */ = {isa = PBXFileReference; fileEncoding = 4; lastKnownFileType = sourcecode.cpp.cpp; name = bingo_core_c_parallel.cpp; path = "../src/core-c/bingo_core_c_parallel.cpp"; sourceTree = SOURCE_ROOT; };
		4D6C61701430BF6100CAD932 /* bingo_core_c_parallel.h */ = {isa = PBXFileReference; fileEncoding = 4; lastKnownFileType = sourcecode.c.h; name = bingo_core_c_parallel.h; path = "../src/core-c/bingo_core_c_parallel.h"; sourceTree = SOURCE_ROOT; };
		4D6C61711430BF6100CAD932 /* bingo_core_c.cpp */ = {isa = PBXFileReference; fileEncoding = 4; lastKnownFileType = sourcecode.cpp.cpp; name = bingo_core_c.cpp; path = "../src/core-c/bingo_core_c.cpp"; sourceTree = SOURCE_ROOT; };
		4D6C61721430BF6100CAD932 /* bingo_core_c.h */ = {isa = PBXFileReference; fileEncoding = 4; lastKnownFileType = sourcecode.c.h; name = bingo_core_c.h; path = "../src/core-c/bingo_core_c.h"; sourceTree = SOURCE_ROOT; };
		4D6C61731430BF6100CAD932 /* mango_core_c_parallel.cpp */ = {isa = PBXFileReference; fileEncoding = 4; lastKnownFileType = sourcecode.cpp.cpp; name = mango_core_c_parallel.cpp; path = "../src/core-c/mango_core_c_parallel.cpp"; sourceTree = SOURCE_ROOT; };
		4D6C61741430BF6100CAD932 /* mango_core_c_parallel.h */ = {isa = PBXFileReference; fileEncoding = 4; lastKnownFileType = sourcecode.c.h; name = mango_core_c_parallel.h; path = "../src/core-c/mango_core_c_parallel.h"; sourceTree = SOURCE_ROOT; };
		4D6C61751430BF6100CAD932 /* mango_core_c.cpp */ = {isa = PBXFileReference; fileEncoding = 4; lastKnownFileType = sourcecode.cpp.cpp; name = mango_core_c.cpp; path = "../src/core-c/mango_core_c.cpp"; sourceTree = SOURCE_ROOT; };
		4D6C61761430BF6100CAD932 /* ringo_core_c_parallel.cpp */ = {isa = PBXFileReference; fileEncoding = 4; lastKnownFileType = sourcecode.cpp.cpp; name = ringo_core_c_parallel.cpp; path = "../src/core-c/ringo_core_c_parallel.cpp"; sourceTree = SOURCE_ROOT; };
		4D6C61771430BF6100CAD932 /* ringo_core_c_parallel.h */ = {isa = PBXFileReference; fileEncoding = 4; lastKnownFileType = sourcecode.c.h; name = ringo_core_c_parallel.h; path = "../src/core-c/ringo_core_c_parallel.h"; sourceTree = SOURCE_ROOT; };
		4D6C61781430BF6100CAD932 /* ringo_core_c.cpp */ = {isa = PBXFileReference; fileEncoding = 4; lastKnownFileType = sourcecode.cpp.cpp; name = ringo_core_c.cpp; path = "../src/core-c/ringo_core_c.cpp"; sourceTree = SOURCE_ROOT; };
		4D6C63DA1430C2B000CAD932 /* molecule.xcodeproj */ = {isa = PBXFileReference; lastKnownFileType = "wrapper.pb-project"; name = molecule.xcodeproj; path = ../../../../molecule/molecule.xcodeproj; sourceTree = BUILT_PRODUCTS_DIR; };
		4D6C63E41430C2CD00CAD932 /* graph.xcodeproj */ = {isa = PBXFileReference; lastKnownFileType = "wrapper.pb-project"; name = graph.xcodeproj; path = ../../../../graph/graph.xcodeproj; sourceTree = BUILT_PRODUCTS_DIR; };
		4D6C63EE1430C2E200CAD932 /* tinyxml.xcodeproj */ = {isa = PBXFileReference; lastKnownFileType = "wrapper.pb-project"; name = tinyxml.xcodeproj; path = ../../../../tinyxml/tinyxml.xcodeproj; sourceTree = BUILT_PRODUCTS_DIR; };
		4D6C63F81430C31500CAD932 /* layout.xcodeproj */ = {isa = PBXFileReference; lastKnownFileType = "wrapper.pb-project"; name = layout.xcodeproj; path = ../../../../layout/layout.xcodeproj; sourceTree = BUILT_PRODUCTS_DIR; };
		4D6C64061430C37200CAD932 /* reaction.xcodeproj */ = {isa = PBXFileReference; lastKnownFileType = "wrapper.pb-project"; name = reaction.xcodeproj; path = ../../../../reaction/reaction.xcodeproj; sourceTree = BUILT_PRODUCTS_DIR; };
		4D6C64291430C49800CAD932 /* libz.dylib */ = {isa = PBXFileReference; lastKnownFileType = "compiled.mach-o.dylib"; name = libz.dylib; path = /usr/lib/libz.dylib; sourceTree = "<absolute>"; };
		4D6C65411430CE2B00CAD932 /* chunk_storage.cpp */ = {isa = PBXFileReference; fileEncoding = 4; lastKnownFileType = sourcecode.cpp.cpp; name = chunk_storage.cpp; path = ../../common/base_cpp/chunk_storage.cpp; sourceTree = SOURCE_ROOT; };
		4D6C65421430CE2B00CAD932 /* chunk_storage.h */ = {isa = PBXFileReference; fileEncoding = 4; lastKnownFileType = sourcecode.c.h; name = chunk_storage.h; path = ../../common/base_cpp/chunk_storage.h; sourceTree = SOURCE_ROOT; };
/* End PBXFileReference section */

/* Begin PBXFrameworksBuildPhase section */
		A7EDA64910625378006CBFAF /* Frameworks */ = {
			isa = PBXFrameworksBuildPhase;
			buildActionMask = 2147483647;
			files = (
				4D6C642A1430C49800CAD932 /* libz.dylib in Frameworks */,
				4D80FE1A1487A3A80063751E /* libgraph.a in Frameworks */,
				4D80FE1C1487A3AF0063751E /* liblayout.a in Frameworks */,
				4D80FE1D1487A3B30063751E /* libreaction.a in Frameworks */,
				4D80FE1B1487A3AC0063751E /* libtinyxml.a in Frameworks */,
				4D80FE191487A3A40063751E /* libmolecule.a in Frameworks */,
			);
			runOnlyForDeploymentPostprocessing = 0;
		};
/* End PBXFrameworksBuildPhase section */

/* Begin PBXGroup section */
		4D6C60DE1430BE1500CAD932 /* pg_core */ = {
			isa = PBXGroup;
			children = (
				4D6C61011430BED700CAD932 /* bingo_pg_build_engine.cpp */,
				4D6C61021430BED700CAD932 /* bingo_pg_build_engine.h */,
				4D6C61031430BED700CAD932 /* bingo_pg_build.cpp */,
				4D6C61041430BED700CAD932 /* bingo_pg_build.h */,
				4D6C61051430BED700CAD932 /* bingo_pg_config.cpp */,
				4D6C61061430BED700CAD932 /* bingo_pg_config.h */,
				4D6C61071430BED700CAD932 /* bingo_pg_index.cpp */,
				4D6C61081430BED700CAD932 /* bingo_pg_index.h */,
				4D6C61091430BED700CAD932 /* bingo_pg_search_engine.cpp */,
				4D6C610A1430BED700CAD932 /* bingo_pg_search_engine.h */,
				4D6C610B1430BED700CAD932 /* bingo_pg_search.cpp */,
				4D6C610C1430BED700CAD932 /* bingo_pg_search.h */,
				4D6C610D1430BED700CAD932 /* mango_pg_build_engine.cpp */,
				4D6C610E1430BED700CAD932 /* mango_pg_build_engine.h */,
				4D6C610F1430BED700CAD932 /* mango_pg_search_engine.cpp */,
				4D6C61101430BED700CAD932 /* mango_pg_search_engine.h */,
				4D6C61111430BED700CAD932 /* ringo_pg_build_engine.cpp */,
				4D6C61121430BED700CAD932 /* ringo_pg_build_engine.h */,
				4D6C61131430BED700CAD932 /* ringo_pg_search_engine.cpp */,
				4D6C61141430BED700CAD932 /* ringo_pg_search_engine.h */,
			);
			name = pg_core;
			sourceTree = "<group>";
		};
		4D6C60DF1430BE3300CAD932 /* pg_common */ = {
			isa = PBXGroup;
			children = (
				4D6C60E11430BE9500CAD932 /* bingo_pg_buffer_cache.cpp */,
				4D6C60E21430BE9500CAD932 /* bingo_pg_buffer_cache.h */,
				4D6C60E31430BE9500CAD932 /* bingo_pg_buffer.cpp */,
				4D6C60E41430BE9500CAD932 /* bingo_pg_buffer.h */,
				4D6C60E51430BE9500CAD932 /* bingo_pg_common.cpp */,
				4D6C60E61430BE9500CAD932 /* bingo_pg_common.h */,
				4D6C60E71430BE9500CAD932 /* bingo_pg_cursor.cpp */,
				4D6C60E81430BE9500CAD932 /* bingo_pg_cursor.h */,
				4D6C60E91430BE9500CAD932 /* bingo_pg_ext_bitset.cpp */,
				4D6C60EA1430BE9500CAD932 /* bingo_pg_ext_bitset.h */,
				4D6C60EB1430BE9500CAD932 /* bingo_pg_section.cpp */,
				4D6C60EC1430BE9500CAD932 /* bingo_pg_section.h */,
				4D6C60ED1430BE9500CAD932 /* bingo_pg_text.cpp */,
				4D6C60EE1430BE9500CAD932 /* bingo_pg_text.h */,
				4D6C60EF1430BE9500CAD932 /* bingo_postgres.h */,
				4D6C60F01430BE9500CAD932 /* pg_bingo_context.h */,
			);
			name = pg_common;
			sourceTree = "<group>";
		};
		4D6C616D1430BF4000CAD932 /* bingo_core_c */ = {
			isa = PBXGroup;
			children = (
				4D6C65411430CE2B00CAD932 /* chunk_storage.cpp */,
				4D6C65421430CE2B00CAD932 /* chunk_storage.h */,
				4D6C616E1430BF6100CAD932 /* bingo_core_c_internal.h */,
				4D6C616F1430BF6100CAD932 /* bingo_core_c_parallel.cpp */,
				4D6C61701430BF6100CAD932 /* bingo_core_c_parallel.h */,
				4D6C61711430BF6100CAD932 /* bingo_core_c.cpp */,
				4D6C61721430BF6100CAD932 /* bingo_core_c.h */,
				4D6C61731430BF6100CAD932 /* mango_core_c_parallel.cpp */,
				4D6C61741430BF6100CAD932 /* mango_core_c_parallel.h */,
				4D6C61751430BF6100CAD932 /* mango_core_c.cpp */,
				4D6C61761430BF6100CAD932 /* ringo_core_c_parallel.cpp */,
				4D6C61771430BF6100CAD932 /* ringo_core_c_parallel.h */,
				4D6C61781430BF6100CAD932 /* ringo_core_c.cpp */,
			);
			name = bingo_core_c;
			sourceTree = "<group>";
		};
		4D80FDA714879D0D0063751E /* Products */ = {
			isa = PBXGroup;
			children = (
				4D80FDAB14879D0D0063751E /* libmolecule.a */,
			);
			name = Products;
			sourceTree = "<group>";
		};
		4D80FDAF14879D170063751E /* Products */ = {
			isa = PBXGroup;
			children = (
				4D80FDB314879D170063751E /* libgraph.a */,
			);
			name = Products;
			sourceTree = "<group>";
		};
		4D80FDC314879D270063751E /* Products */ = {
			isa = PBXGroup;
			children = (
				4D80FDC714879D270063751E /* libtinyxml.a */,
			);
			name = Products;
			sourceTree = "<group>";
		};
		4D80FDCB14879D2F0063751E /* Products */ = {
			isa = PBXGroup;
			children = (
				4D80FDCF14879D2F0063751E /* liblayout.a */,
			);
			name = Products;
			sourceTree = "<group>";
		};
		4D80FDD314879D390063751E /* Products */ = {
			isa = PBXGroup;
			children = (
				4D80FDD714879D390063751E /* libreaction.a */,
			);
			name = Products;
			sourceTree = "<group>";
		};
		A7EDA5E410625230006CBFAF = {
			isa = PBXGroup;
			children = (
				4D6C616D1430BF4000CAD932 /* bingo_core_c */,
				A7EDA5F11062524A006CBFAF /* bingo_core */,
				4D6C60DF1430BE3300CAD932 /* pg_common */,
				4D6C60DE1430BE1500CAD932 /* pg_core */,
				A7EDA5F410625269006CBFAF /* pg_am */,
				A7EDA64C10625378006CBFAF /* Products */,
				4D6C63DA1430C2B000CAD932 /* molecule.xcodeproj */,
				4D6C63E41430C2CD00CAD932 /* graph.xcodeproj */,
				4D6C63EE1430C2E200CAD932 /* tinyxml.xcodeproj */,
				4D6C63F81430C31500CAD932 /* layout.xcodeproj */,
				4D6C64061430C37200CAD932 /* reaction.xcodeproj */,
				4D6C64291430C49800CAD932 /* libz.dylib */,
			);
			sourceTree = "<group>";
		};
		A7EDA5F11062524A006CBFAF /* bingo_core */ = {
			isa = PBXGroup;
			children = (
				4D6C61411430BF3500CAD932 /* bingo_context.cpp */,
				4D6C61421430BF3500CAD932 /* bingo_context.h */,
				4D6C61431430BF3500CAD932 /* bingo_error.h */,
				4D6C61441430BF3500CAD932 /* bingo_index.h */,
				4D6C61451430BF3500CAD932 /* mango_context.cpp */,
				4D6C61461430BF3500CAD932 /* mango_context.h */,
				4D6C61471430BF3500CAD932 /* mango_exact.cpp */,
				4D6C61481430BF3500CAD932 /* mango_gross.cpp */,
				4D6C61491430BF3500CAD932 /* mango_index.cpp */,
				4D6C614A1430BF3500CAD932 /* mango_index.h */,
				4D6C614B1430BF3500CAD932 /* mango_matchers.h */,
				4D6C614C1430BF3500CAD932 /* mango_similarity.cpp */,
				4D6C614D1430BF3500CAD932 /* mango_substructure.cpp */,
				4D6C614E1430BF3500CAD932 /* mango_tautomer.cpp */,
				4D6C614F1430BF3500CAD932 /* ringo_aam.cpp */,
				4D6C61501430BF3500CAD932 /* ringo_context.cpp */,
				4D6C61511430BF3500CAD932 /* ringo_context.h */,
				4D6C61521430BF3500CAD932 /* ringo_exact.cpp */,
				4D6C61531430BF3500CAD932 /* ringo_index.cpp */,
				4D6C61541430BF3500CAD932 /* ringo_index.h */,
				4D6C61551430BF3500CAD932 /* ringo_matchers.h */,
				4D6C61561430BF3500CAD932 /* ringo_substructure.cpp */,
			);
			name = bingo_core;
			sourceTree = "<group>";
		};
		A7EDA5F410625269006CBFAF /* pg_am */ = {
			isa = PBXGroup;
			children = (
				4D6C61291430BEEE00CAD932 /* pg_bingo_build.cpp */,
				4D6C612A1430BEEE00CAD932 /* pg_bingo_costestimate.c */,
				4D6C612B1430BEEE00CAD932 /* pg_bingo_gist.c */,
				4D6C612C1430BEEE00CAD932 /* pg_bingo_import.cpp */,
				4D6C612D1430BEEE00CAD932 /* pg_bingo_options.cpp */,
				4D6C612E1430BEEE00CAD932 /* pg_bingo_search.cpp */,
				4D6C612F1430BEEE00CAD932 /* pg_bingo_update.cpp */,
				4D6C61301430BEEE00CAD932 /* pg_bingo_utils.cpp */,
				4D6C61311430BEEE00CAD932 /* pg_mango_match.cpp */,
				4D6C61321430BEEE00CAD932 /* pg_mango_utils.cpp */,
				4D6C61331430BEEE00CAD932 /* pg_ringo_match.cpp */,
				4D6C61341430BEEE00CAD932 /* pg_ringo_utils.cpp */,
			);
			name = pg_am;
			sourceTree = "<group>";
		};
		A7EDA64C10625378006CBFAF /* Products */ = {
			isa = PBXGroup;
			children = (
				4D6C60CE1430BB8F00CAD932 /* bingo_postgres.dylib */,
			);
			name = Products;
			sourceTree = "<group>";
		};
/* End PBXGroup section */

/* Begin PBXHeadersBuildPhase section */
		A7EDA64710625378006CBFAF /* Headers */ = {
			isa = PBXHeadersBuildPhase;
			buildActionMask = 2147483647;
			files = (
				4D6C60F21430BE9500CAD932 /* bingo_pg_buffer_cache.h in Headers */,
				4D6C60F41430BE9500CAD932 /* bingo_pg_buffer.h in Headers */,
				4D6C60F61430BE9500CAD932 /* bingo_pg_common.h in Headers */,
				4D6C60F81430BE9500CAD932 /* bingo_pg_cursor.h in Headers */,
				4D6C60FA1430BE9500CAD932 /* bingo_pg_ext_bitset.h in Headers */,
				4D6C60FC1430BE9500CAD932 /* bingo_pg_section.h in Headers */,
				4D6C60FE1430BE9500CAD932 /* bingo_pg_text.h in Headers */,
				4D6C60FF1430BE9500CAD932 /* bingo_postgres.h in Headers */,
				4D6C61001430BE9500CAD932 /* pg_bingo_context.h in Headers */,
				4D6C61161430BED700CAD932 /* bingo_pg_build_engine.h in Headers */,
				4D6C61181430BED700CAD932 /* bingo_pg_build.h in Headers */,
				4D6C611A1430BED700CAD932 /* bingo_pg_config.h in Headers */,
				4D6C611C1430BED700CAD932 /* bingo_pg_index.h in Headers */,
				4D6C611E1430BED700CAD932 /* bingo_pg_search_engine.h in Headers */,
				4D6C61201430BED700CAD932 /* bingo_pg_search.h in Headers */,
				4D6C61221430BED700CAD932 /* mango_pg_build_engine.h in Headers */,
				4D6C61241430BED700CAD932 /* mango_pg_search_engine.h in Headers */,
				4D6C61261430BED700CAD932 /* ringo_pg_build_engine.h in Headers */,
				4D6C61281430BED700CAD932 /* ringo_pg_search_engine.h in Headers */,
				4D6C61581430BF3500CAD932 /* bingo_context.h in Headers */,
				4D6C61591430BF3500CAD932 /* bingo_error.h in Headers */,
				4D6C615A1430BF3500CAD932 /* bingo_index.h in Headers */,
				4D6C615C1430BF3500CAD932 /* mango_context.h in Headers */,
				4D6C61601430BF3500CAD932 /* mango_index.h in Headers */,
				4D6C61611430BF3500CAD932 /* mango_matchers.h in Headers */,
				4D6C61671430BF3500CAD932 /* ringo_context.h in Headers */,
				4D6C616A1430BF3500CAD932 /* ringo_index.h in Headers */,
				4D6C616B1430BF3500CAD932 /* ringo_matchers.h in Headers */,
				4D6C61791430BF6100CAD932 /* bingo_core_c_internal.h in Headers */,
				4D6C617B1430BF6100CAD932 /* bingo_core_c_parallel.h in Headers */,
				4D6C617D1430BF6100CAD932 /* bingo_core_c.h in Headers */,
				4D6C617F1430BF6100CAD932 /* mango_core_c_parallel.h in Headers */,
				4D6C61821430BF6100CAD932 /* ringo_core_c_parallel.h in Headers */,
				4D6C65441430CE2B00CAD932 /* chunk_storage.h in Headers */,
			);
			runOnlyForDeploymentPostprocessing = 0;
		};
/* End PBXHeadersBuildPhase section */

/* Begin PBXNativeTarget section */
		A7EDA64A10625378006CBFAF /* bingo_postgres */ = {
			isa = PBXNativeTarget;
			buildConfigurationList = A7EDA64F10625378006CBFAF /* Build configuration list for PBXNativeTarget "bingo_postgres" */;
			buildPhases = (
				A7EDA64710625378006CBFAF /* Headers */,
				A7EDA64810625378006CBFAF /* Sources */,
				A7EDA64910625378006CBFAF /* Frameworks */,
				A740C7C71063E86E003C9A87 /* CopyFiles */,
			);
			buildRules = (
			);
			dependencies = (
				4D99BE7E1487C7BA000814F9 /* PBXTargetDependency */,
				4D99BE801487C7BF000814F9 /* PBXTargetDependency */,
				4D99BE821487C7C4000814F9 /* PBXTargetDependency */,
				4D99BE841487C7C7000814F9 /* PBXTargetDependency */,
				4D99BE861487C7CA000814F9 /* PBXTargetDependency */,
			);
			name = bingo_postgres;
			productName = bingo;
			productReference = 4D6C60CE1430BB8F00CAD932 /* bingo_postgres.dylib */;
			productType = "com.apple.product-type.library.dynamic";
		};
/* End PBXNativeTarget section */

/* Begin PBXProject section */
		A7EDA5E610625230006CBFAF /* Project object */ = {
			isa = PBXProject;
			attributes = {
				LastUpgradeCheck = 0410;
			};
			buildConfigurationList = A7EDA5E910625230006CBFAF /* Build configuration list for PBXProject "bingo_postgres" */;
			compatibilityVersion = "Xcode 3.2";
			developmentRegion = English;
			hasScannedForEncodings = 0;
			knownRegions = (
				English,
				Japanese,
				French,
				German,
			);
			mainGroup = A7EDA5E410625230006CBFAF;
			productRefGroup = A7EDA64C10625378006CBFAF /* Products */;
			projectDirPath = "";
			projectReferences = (
				{
					ProductGroup = 4D80FDAF14879D170063751E /* Products */;
					ProjectRef = 4D6C63E41430C2CD00CAD932 /* graph.xcodeproj */;
				},
				{
					ProductGroup = 4D80FDCB14879D2F0063751E /* Products */;
					ProjectRef = 4D6C63F81430C31500CAD932 /* layout.xcodeproj */;
				},
				{
					ProductGroup = 4D80FDA714879D0D0063751E /* Products */;
					ProjectRef = 4D6C63DA1430C2B000CAD932 /* molecule.xcodeproj */;
				},
				{
					ProductGroup = 4D80FDD314879D390063751E /* Products */;
					ProjectRef = 4D6C64061430C37200CAD932 /* reaction.xcodeproj */;
				},
				{
					ProductGroup = 4D80FDC314879D270063751E /* Products */;
					ProjectRef = 4D6C63EE1430C2E200CAD932 /* tinyxml.xcodeproj */;
				},
			);
			projectRoot = "";
			targets = (
				A7EDA64A10625378006CBFAF /* bingo_postgres */,
			);
		};
/* End PBXProject section */

/* Begin PBXReferenceProxy section */
		4D80FDAB14879D0D0063751E /* libmolecule.a */ = {
			isa = PBXReferenceProxy;
			fileType = archive.ar;
			path = libmolecule.a;
			remoteRef = 4D80FDAA14879D0D0063751E /* PBXContainerItemProxy */;
			sourceTree = BUILT_PRODUCTS_DIR;
		};
		4D80FDB314879D170063751E /* libgraph.a */ = {
			isa = PBXReferenceProxy;
			fileType = archive.ar;
			path = libgraph.a;
			remoteRef = 4D80FDB214879D170063751E /* PBXContainerItemProxy */;
			sourceTree = BUILT_PRODUCTS_DIR;
		};
		4D80FDC714879D270063751E /* libtinyxml.a */ = {
			isa = PBXReferenceProxy;
			fileType = archive.ar;
			path = libtinyxml.a;
			remoteRef = 4D80FDC614879D270063751E /* PBXContainerItemProxy */;
			sourceTree = BUILT_PRODUCTS_DIR;
		};
		4D80FDCF14879D2F0063751E /* liblayout.a */ = {
			isa = PBXReferenceProxy;
			fileType = archive.ar;
			path = liblayout.a;
			remoteRef = 4D80FDCE14879D2F0063751E /* PBXContainerItemProxy */;
			sourceTree = BUILT_PRODUCTS_DIR;
		};
		4D80FDD714879D390063751E /* libreaction.a */ = {
			isa = PBXReferenceProxy;
			fileType = archive.ar;
			path = libreaction.a;
			remoteRef = 4D80FDD614879D390063751E /* PBXContainerItemProxy */;
			sourceTree = BUILT_PRODUCTS_DIR;
		};
/* End PBXReferenceProxy section */

/* Begin PBXSourcesBuildPhase section */
		A7EDA64810625378006CBFAF /* Sources */ = {
			isa = PBXSourcesBuildPhase;
			buildActionMask = 2147483647;
			files = (
				4D6C60F11430BE9500CAD932 /* bingo_pg_buffer_cache.cpp in Sources */,
				4D6C60F31430BE9500CAD932 /* bingo_pg_buffer.cpp in Sources */,
				4D6C60F51430BE9500CAD932 /* bingo_pg_common.cpp in Sources */,
				4D6C60F71430BE9500CAD932 /* bingo_pg_cursor.cpp in Sources */,
				4D6C60F91430BE9500CAD932 /* bingo_pg_ext_bitset.cpp in Sources */,
				4D6C60FB1430BE9500CAD932 /* bingo_pg_section.cpp in Sources */,
				4D6C60FD1430BE9500CAD932 /* bingo_pg_text.cpp in Sources */,
				4D6C61151430BED700CAD932 /* bingo_pg_build_engine.cpp in Sources */,
				4D6C61171430BED700CAD932 /* bingo_pg_build.cpp in Sources */,
				4D6C61191430BED700CAD932 /* bingo_pg_config.cpp in Sources */,
				4D6C611B1430BED700CAD932 /* bingo_pg_index.cpp in Sources */,
				4D6C611D1430BED700CAD932 /* bingo_pg_search_engine.cpp in Sources */,
				4D6C611F1430BED700CAD932 /* bingo_pg_search.cpp in Sources */,
				4D6C61211430BED700CAD932 /* mango_pg_build_engine.cpp in Sources */,
				4D6C61231430BED700CAD932 /* mango_pg_search_engine.cpp in Sources */,
				4D6C61251430BED700CAD932 /* ringo_pg_build_engine.cpp in Sources */,
				4D6C61271430BED700CAD932 /* ringo_pg_search_engine.cpp in Sources */,
				4D6C61351430BEEE00CAD932 /* pg_bingo_build.cpp in Sources */,
				4D6C61361430BEEE00CAD932 /* pg_bingo_costestimate.c in Sources */,
				4D6C61371430BEEE00CAD932 /* pg_bingo_gist.c in Sources */,
				4D6C61381430BEEE00CAD932 /* pg_bingo_import.cpp in Sources */,
				4D6C61391430BEEE00CAD932 /* pg_bingo_options.cpp in Sources */,
				4D6C613A1430BEEE00CAD932 /* pg_bingo_search.cpp in Sources */,
				4D6C613B1430BEEE00CAD932 /* pg_bingo_update.cpp in Sources */,
				4D6C613C1430BEEE00CAD932 /* pg_bingo_utils.cpp in Sources */,
				4D6C613D1430BEEE00CAD932 /* pg_mango_match.cpp in Sources */,
				4D6C613E1430BEEE00CAD932 /* pg_mango_utils.cpp in Sources */,
				4D6C613F1430BEEE00CAD932 /* pg_ringo_match.cpp in Sources */,
				4D6C61401430BEEE00CAD932 /* pg_ringo_utils.cpp in Sources */,
				4D6C61571430BF3500CAD932 /* bingo_context.cpp in Sources */,
				4D6C615B1430BF3500CAD932 /* mango_context.cpp in Sources */,
				4D6C615D1430BF3500CAD932 /* mango_exact.cpp in Sources */,
				4D6C615E1430BF3500CAD932 /* mango_gross.cpp in Sources */,
				4D6C615F1430BF3500CAD932 /* mango_index.cpp in Sources */,
				4D6C61621430BF3500CAD932 /* mango_similarity.cpp in Sources */,
				4D6C61631430BF3500CAD932 /* mango_substructure.cpp in Sources */,
				4D6C61641430BF3500CAD932 /* mango_tautomer.cpp in Sources */,
				4D6C61651430BF3500CAD932 /* ringo_aam.cpp in Sources */,
				4D6C61661430BF3500CAD932 /* ringo_context.cpp in Sources */,
				4D6C61681430BF3500CAD932 /* ringo_exact.cpp in Sources */,
				4D6C61691430BF3500CAD932 /* ringo_index.cpp in Sources */,
				4D6C616C1430BF3500CAD932 /* ringo_substructure.cpp in Sources */,
				4D6C617A1430BF6100CAD932 /* bingo_core_c_parallel.cpp in Sources */,
				4D6C617C1430BF6100CAD932 /* bingo_core_c.cpp in Sources */,
				4D6C617E1430BF6100CAD932 /* mango_core_c_parallel.cpp in Sources */,
				4D6C61801430BF6100CAD932 /* mango_core_c.cpp in Sources */,
				4D6C61811430BF6100CAD932 /* ringo_core_c_parallel.cpp in Sources */,
				4D6C61831430BF6100CAD932 /* ringo_core_c.cpp in Sources */,
				4D6C65431430CE2B00CAD932 /* chunk_storage.cpp in Sources */,
			);
			runOnlyForDeploymentPostprocessing = 0;
		};
/* End PBXSourcesBuildPhase section */

/* Begin PBXTargetDependency section */
		4D99BE7E1487C7BA000814F9 /* PBXTargetDependency */ = {
			isa = PBXTargetDependency;
			name = graph;
			targetProxy = 4D99BE7D1487C7BA000814F9 /* PBXContainerItemProxy */;
		};
		4D99BE801487C7BF000814F9 /* PBXTargetDependency */ = {
			isa = PBXTargetDependency;
			name = reaction;
			targetProxy = 4D99BE7F1487C7BF000814F9 /* PBXContainerItemProxy */;
		};
		4D99BE821487C7C4000814F9 /* PBXTargetDependency */ = {
			isa = PBXTargetDependency;
			name = tinyxml;
			targetProxy = 4D99BE811487C7C4000814F9 /* PBXContainerItemProxy */;
		};
		4D99BE841487C7C7000814F9 /* PBXTargetDependency */ = {
			isa = PBXTargetDependency;
			name = layout;
			targetProxy = 4D99BE831487C7C7000814F9 /* PBXContainerItemProxy */;
		};
		4D99BE861487C7CA000814F9 /* PBXTargetDependency */ = {
			isa = PBXTargetDependency;
			name = molecule;
			targetProxy = 4D99BE851487C7CA000814F9 /* PBXContainerItemProxy */;
		};
/* End PBXTargetDependency section */

/* Begin XCBuildConfiguration section */
		814E9A9F1369A41800469875 /* Release10.6 */ = {
			isa = XCBuildConfiguration;
			buildSettings = {
				ARCHS = "$(ARCHS_STANDARD_64_BIT)";
				COPY_PHASE_STRIP = YES;
				GCC_GENERATE_DEBUGGING_SYMBOLS = NO;
				GCC_OPTIMIZATION_LEVEL = 3;
				SDKROOT = macosx10.6;
			};
			name = Release10.6;
		};
		814E9AA01369A41800469875 /* Release10.6 */ = {
			isa = XCBuildConfiguration;
			buildSettings = {
				ALWAYS_SEARCH_USER_PATHS = NO;
				ARCHS = "$(ARCHS_STANDARD_32_64_BIT)";
				COPY_PHASE_STRIP = YES;
				DEBUG_INFORMATION_FORMAT = "dwarf-with-dsym";
				DEPLOYMENT_LOCATION = NO;
				EXECUTABLE_PREFIX = "";
				GCC_GENERATE_DEBUGGING_SYMBOLS = NO;
				GCC_MODEL_TUNING = G5;
				GCC_OPTIMIZATION_LEVEL = s;
				GCC_PREPROCESSOR_DEFINITIONS = "";
				GCC_SYMBOLS_PRIVATE_EXTERN = NO;
				HEADER_SEARCH_PATHS = (
					../..,
					../../common,
					../src,
					src/pg_common,
					src/pg_am,
					"${BINGO_PG_DIR}/include/postgresql/server",
					src/pg_core,
				);
				INSTALL_PATH = /usr/local/lib;
				LIBRARY_SEARCH_PATHS = "$(inherited)";
				ONLY_ACTIVE_ARCH = NO;
				OTHER_CFLAGS = "-fPIC";
				OTHER_LDFLAGS = (
					"-undefined",
					suppress,
					"-flat_namespace",
				);
				PREBINDING = NO;
				PRODUCT_NAME = bingo_postgres;
				SDKROOT = macosx10.6;
				SKIP_INSTALL = NO;
				ZERO_LINK = NO;
			};
			name = Release10.6;
		};
		A7C27A7B1403E78700A46371 /* Release */ = {
			isa = XCBuildConfiguration;
			buildSettings = {
				ARCHS = "$(ARCHS_STANDARD_64_BIT)";
				COPY_PHASE_STRIP = YES;
				GCC_GENERATE_DEBUGGING_SYMBOLS = NO;
				GCC_OPTIMIZATION_LEVEL = 3;
			};
			name = Release;
		};
		A7C27A7C1403E78700A46371 /* Release */ = {
			isa = XCBuildConfiguration;
			buildSettings = {
				ALWAYS_SEARCH_USER_PATHS = NO;
				ARCHS = "$(ARCHS_STANDARD_64_BIT)";
				COPY_PHASE_STRIP = YES;
				DEBUG_INFORMATION_FORMAT = "dwarf-with-dsym";
				DEPLOYMENT_LOCATION = NO;
				EXECUTABLE_PREFIX = "";
				GCC_GENERATE_DEBUGGING_SYMBOLS = NO;
				GCC_MODEL_TUNING = G5;
				GCC_PREPROCESSOR_DEFINITIONS = "";
				GCC_SYMBOLS_PRIVATE_EXTERN = NO;
				HEADER_SEARCH_PATHS = (
					../..,
					../../common,
					../src,
					src/pg_common,
					src/pg_am,
					"${BINGO_PG_DIR}/include/postgresql/server",
					src/pg_core,
				);
				INSTALL_PATH = /usr/local/lib;
				LIBRARY_SEARCH_PATHS = "$(inherited)";
				ONLY_ACTIVE_ARCH = NO;
				OTHER_LDFLAGS = (
					"-undefined",
					suppress,
					"-flat_namespace",
				);
				PREBINDING = NO;
				PRODUCT_NAME = bingo_postgres;
				SDKROOT = "";
				SKIP_INSTALL = NO;
				ZERO_LINK = NO;
			};
			name = Release;
		};
		A7EDA5E710625230006CBFAF /* Debug */ = {
			isa = XCBuildConfiguration;
			buildSettings = {
				ARCHS = "$(ARCHS_STANDARD_64_BIT)";
				COPY_PHASE_STRIP = NO;
				GCC_GENERATE_DEBUGGING_SYMBOLS = YES;
				GCC_OPTIMIZATION_LEVEL = 0;
			};
			name = Debug;
		};
		A7EDA5E810625230006CBFAF /* Release10.5 */ = {
			isa = XCBuildConfiguration;
			buildSettings = {
				ARCHS = "$(ARCHS_STANDARD_64_BIT)";
				COPY_PHASE_STRIP = YES;
				GCC_GENERATE_DEBUGGING_SYMBOLS = NO;
				GCC_OPTIMIZATION_LEVEL = 3;
				SDKROOT = macosx10.5;
			};
			name = Release10.5;
		};
		A7EDA64D10625378006CBFAF /* Debug */ = {
			isa = XCBuildConfiguration;
			buildSettings = {
				ALWAYS_SEARCH_USER_PATHS = NO;
				ARCHS = "$(ARCHS_STANDARD_32_64_BIT)";
				COPY_PHASE_STRIP = NO;
				DEPLOYMENT_LOCATION = NO;
				EXECUTABLE_EXTENSION = so;
				EXECUTABLE_PREFIX = "";
				GCC_DYNAMIC_NO_PIC = NO;
				GCC_GENERATE_DEBUGGING_SYMBOLS = YES;
				GCC_INLINES_ARE_PRIVATE_EXTERN = YES;
				GCC_MODEL_TUNING = G5;
				GCC_OPTIMIZATION_LEVEL = 0;
				GCC_PREPROCESSOR_DEFINITIONS = "";
				GCC_SYMBOLS_PRIVATE_EXTERN = NO;
				GCC_VERSION = "";
				HEADER_SEARCH_PATHS = (
					../..,
					../../common,
					../src,
					src/pg_common,
					src/pg_am,
					"${BINGO_PG_DIR}/include/postgresql/server",
					src/pg_core,
				);
				INSTALL_PATH = /usr/local/lib;
				LIBRARY_SEARCH_PATHS = "$(inherited)";
				ONLY_ACTIVE_ARCH = NO;
				OTHER_LDFLAGS = (
					"-undefined",
					suppress,
					"-flat_namespace",
				);
				PREBINDING = NO;
				PRODUCT_NAME = bingo_postgres;
				SDKROOT = "";
			};
			name = Debug;
		};
		A7EDA64E10625378006CBFAF /* Release10.5 */ = {
			isa = XCBuildConfiguration;
			buildSettings = {
				ALWAYS_SEARCH_USER_PATHS = NO;
				ARCHS = "$(ARCHS_STANDARD_32_64_BIT)";
				COPY_PHASE_STRIP = YES;
				DEBUG_INFORMATION_FORMAT = "dwarf-with-dsym";
				DEPLOYMENT_LOCATION = NO;
				EXECUTABLE_PREFIX = "";
				GCC_GENERATE_DEBUGGING_SYMBOLS = NO;
				GCC_MODEL_TUNING = G5;
				GCC_OPTIMIZATION_LEVEL = s;
				GCC_PREPROCESSOR_DEFINITIONS = "";
				GCC_SYMBOLS_PRIVATE_EXTERN = NO;
				HEADER_SEARCH_PATHS = (
					../..,
					../../common,
					../src,
					src/pg_common,
					src/pg_am,
					"${BINGO_PG_DIR}/include/postgresql/server",
					src/pg_core,
				);
				INSTALL_PATH = /usr/local/lib;
				LIBRARY_SEARCH_PATHS = "$(inherited)";
				ONLY_ACTIVE_ARCH = NO;
				OTHER_CFLAGS = "-fPIC";
				OTHER_LDFLAGS = (
					"-undefined",
					suppress,
					"-flat_namespace",
				);
				PREBINDING = NO;
				PRODUCT_NAME = bingo_postgres;
				SDKROOT = macosx10.5;
				SKIP_INSTALL = NO;
				ZERO_LINK = NO;
			};
			name = Release10.5;
		};
/* End XCBuildConfiguration section */

/* Begin XCConfigurationList section */
		A7EDA5E910625230006CBFAF /* Build configuration list for PBXProject "bingo_postgres" */ = {
			isa = XCConfigurationList;
			buildConfigurations = (
				A7EDA5E710625230006CBFAF /* Debug */,
				A7EDA5E810625230006CBFAF /* Release10.5 */,
				814E9A9F1369A41800469875 /* Release10.6 */,
				A7C27A7B1403E78700A46371 /* Release */,
			);
			defaultConfigurationIsVisible = 0;
			defaultConfigurationName = Release10.5;
		};
		A7EDA64F10625378006CBFAF /* Build configuration list for PBXNativeTarget "bingo_postgres" */ = {
			isa = XCConfigurationList;
			buildConfigurations = (
				A7EDA64D10625378006CBFAF /* Debug */,
				A7EDA64E10625378006CBFAF /* Release10.5 */,
				814E9AA01369A41800469875 /* Release10.6 */,
				A7C27A7C1403E78700A46371 /* Release */,
			);
			defaultConfigurationIsVisible = 0;
			defaultConfigurationName = Release10.5;
		};
/* End XCConfigurationList section */
	};
	rootObject = A7EDA5E610625230006CBFAF /* Project object */;
}
