<?xml version="1.0" encoding="utf-8"?>
<Project ToolsVersion="4.0" xmlns="http://schemas.microsoft.com/developer/msbuild/2003">
  <ItemGroup>
    <Filter Include="src">
      <UniqueIdentifier>{4FC737F1-C7A5-4376-A066-2A32D752A2FF}</UniqueIdentifier>
      <Extensions>cpp;c;cc;cxx;def;odl;idl;hpj;bat;asm;asmx</Extensions>
    </Filter>
  </ItemGroup>
  <ItemGroup>
    <ClCompile Include="src\attachment_layout.cpp">
      <Filter>src</Filter>
    </ClCompile>
    <ClCompile Include="src\layout_pattern.cpp">
      <Filter>src</Filter>
    </ClCompile>
    <ClCompile Include="src\metalayout.cpp">
      <Filter>src</Filter>
    </ClCompile>
    <ClCompile Include="src\molecule_layout.cpp">
      <Filter>src</Filter>
    </ClCompile>
    <ClCompile Include="src\molecule_layout_graph.cpp">
      <Filter>src</Filter>
    </ClCompile>
    <ClCompile Include="src\molecule_layout_graph_assign.cpp">
      <Filter>src</Filter>
    </ClCompile>
    <ClCompile Include="src\molecule_layout_graph_attach.cpp">
      <Filter>src</Filter>
    </ClCompile>
    <ClCompile Include="src\molecule_layout_graph_border.cpp">
      <Filter>src</Filter>
    </ClCompile>
    <ClCompile Include="src\molecule_layout_graph_cycle.cpp">
      <Filter>src</Filter>
    </ClCompile>
    <ClCompile Include="src\molecule_layout_graph_geom.cpp">
      <Filter>src</Filter>
    </ClCompile>
    <ClCompile Include="src\molecule_layout_graph_refine.cpp">
      <Filter>src</Filter>
    </ClCompile>
    <ClCompile Include="src\reaction_layout.cpp">
      <Filter>src</Filter>
    </ClCompile>
    <ClCompile Include="src\refinement_state.cpp">
      <Filter>src</Filter>
    </ClCompile>
  </ItemGroup>
  <ItemGroup>
    <ClInclude Include="attachment_layout.h">
      <Filter>src</Filter>
    </ClInclude>
    <ClInclude Include="layout_pattern.h">
      <Filter>src</Filter>
    </ClInclude>
    <ClInclude Include="metalayout.h">
      <Filter>src</Filter>
    </ClInclude>
    <ClInclude Include="molecule_layout.h">
      <Filter>src</Filter>
    </ClInclude>
    <ClInclude Include="molecule_layout_graph.h">
      <Filter>src</Filter>
    </ClInclude>
    <ClInclude Include="reaction_layout.h">
      <Filter>src</Filter>
    </ClInclude>
    <ClInclude Include="refinement_state.h">
      <Filter>src</Filter>
    </ClInclude>
  </ItemGroup>
  <ItemGroup>
    <None Include="src\layout_patterns.inc">
      <Filter>src</Filter>
    </None>
  </ItemGroup>
</Project>