// !$*UTF8*$!
{
	archiveVersion = 1;
	classes = {
	};
	objectVersion = 42;
	objects = {

/* Begin PBXBuildFile section */
		819EB298125F8CD300CE1D88 /* main.c in Sources */ = {isa = PBXBuildFile; fileRef = 819EB28E125F8C7200CE1D88 /* main.c */; };
		819EB2E7125F8D4000CE1D88 /* libgraph.a in Frameworks */ = {isa = PBXBuildFile; fileRef = 819EB2DA125F8D3900CE1D88 /* libgraph.a */; };
		819EB2E8125F8D4300CE1D88 /* libmolecule.a in Frameworks */ = {isa = PBXBuildFile; fileRef = 819EB2DD125F8D3900CE1D88 /* libmolecule.a */; };
		819EB2E9125F8D4600CE1D88 /* libreaction.a in Frameworks */ = {isa = PBXBuildFile; fileRef = 819EB2E0125F8D3900CE1D88 /* libreaction.a */; };
		819EB2EA125F8D4900CE1D88 /* liblayout.a in Frameworks */ = {isa = PBXBuildFile; fileRef = 819EB2E3125F8D3900CE1D88 /* liblayout.a */; };
		819EB2EC125F8D4E00CE1D88 /* libindigo.a in Frameworks */ = {isa = PBXBuildFile; fileRef = 819EB2C6125F8D2E00CE1D88 /* libindigo.a */; };
		819EB305125F8E0A00CE1D88 /* os_dir_posix.c in Sources */ = {isa = PBXBuildFile; fileRef = 819EB304125F8E0A00CE1D88 /* os_dir_posix.c */; };
/* End PBXBuildFile section */

/* Begin PBXContainerItemProxy section */
		819EB2C5125F8D2E00CE1D88 /* PBXContainerItemProxy */ = {
			isa = PBXContainerItemProxy;
			containerPortal = 819EB2C0125F8D2E00CE1D88 /* indigo-api.xcodeproj */;
			proxyType = 2;
			remoteGlobalIDString = 817B69BD11F88C0E00BC3D88;
			remoteInfo = "indigo-static";
		};
		819EB2C7125F8D2E00CE1D88 /* PBXContainerItemProxy */ = {
			isa = PBXContainerItemProxy;
			containerPortal = 819EB2C0125F8D2E00CE1D88 /* indigo-api.xcodeproj */;
			proxyType = 2;
			remoteGlobalIDString = 817B69F811F88F3B00BC3D88;
			remoteInfo = "indigo-shared";
		};
		819EB2D9125F8D3900CE1D88 /* PBXContainerItemProxy */ = {
			isa = PBXContainerItemProxy;
			containerPortal = 819EB2C9125F8D3900CE1D88 /* graph.xcodeproj */;
			proxyType = 2;
			remoteGlobalIDString = A7EDA3FC10624B53006CBFAF;
			remoteInfo = graph;
		};
		819EB2DC125F8D3900CE1D88 /* PBXContainerItemProxy */ = {
			isa = PBXContainerItemProxy;
			containerPortal = 819EB2CC125F8D3900CE1D88 /* molecule.xcodeproj */;
			proxyType = 2;
			remoteGlobalIDString = A7EDA4CE10624F33006CBFAF;
			remoteInfo = molecule;
		};
		819EB2DF125F8D3900CE1D88 /* PBXContainerItemProxy */ = {
			isa = PBXContainerItemProxy;
			containerPortal = 819EB2CF125F8D3900CE1D88 /* reaction.xcodeproj */;
			proxyType = 2;
			remoteGlobalIDString = A7EDA55610625076006CBFAF;
			remoteInfo = reaction;
		};
		819EB2E2125F8D3900CE1D88 /* PBXContainerItemProxy */ = {
			isa = PBXContainerItemProxy;
			containerPortal = 819EB2D2125F8D3900CE1D88 /* layout.xcodeproj */;
			proxyType = 2;
			remoteGlobalIDString = A7EDA5CA106251C3006CBFAF;
			remoteInfo = layout;
		};
		819EB2ED125F8D5C00CE1D88 /* PBXContainerItemProxy */ = {
			isa = PBXContainerItemProxy;
			containerPortal = 819EB2CC125F8D3900CE1D88 /* molecule.xcodeproj */;
			proxyType = 1;
			remoteGlobalIDString = A7EDA4CD10624F33006CBFAF;
			remoteInfo = molecule;
		};
		819EB2EF125F8D5F00CE1D88 /* PBXContainerItemProxy */ = {
			isa = PBXContainerItemProxy;
			containerPortal = 819EB2C0125F8D2E00CE1D88 /* indigo-api.xcodeproj */;
			proxyType = 1;
			remoteGlobalIDString = 817B69BC11F88C0D00BC3D88;
			remoteInfo = "indigo-static";
		};
		819EB2F3125F8D6600CE1D88 /* PBXContainerItemProxy */ = {
			isa = PBXContainerItemProxy;
			containerPortal = 819EB2CF125F8D3900CE1D88 /* reaction.xcodeproj */;
			proxyType = 1;
			remoteGlobalIDString = A7EDA55510625076006CBFAF;
			remoteInfo = reaction;
		};
		819EB2F5125F8D6A00CE1D88 /* PBXContainerItemProxy */ = {
			isa = PBXContainerItemProxy;
			containerPortal = 819EB2D2125F8D3900CE1D88 /* layout.xcodeproj */;
			proxyType = 1;
			remoteGlobalIDString = A7EDA5C9106251C3006CBFAF;
			remoteInfo = layout;
		};
		819EB2F7125F8D6D00CE1D88 /* PBXContainerItemProxy */ = {
			isa = PBXContainerItemProxy;
			containerPortal = 819EB2C9125F8D3900CE1D88 /* graph.xcodeproj */;
			proxyType = 1;
			remoteGlobalIDString = A7EDA3FB10624B53006CBFAF;
			remoteInfo = graph;
		};
/* End PBXContainerItemProxy section */

/* Begin PBXFileReference section */
		819EB28E125F8C7200CE1D88 /* main.c */ = {isa = PBXFileReference; fileEncoding = 4; lastKnownFileType = sourcecode.c.c; path = main.c; sourceTree = "<group>"; };
		819EB292125F8C9300CE1D88 /* indigo-deco */ = {isa = PBXFileReference; explicitFileType = "compiled.mach-o.executable"; includeInIndex = 0; path = "indigo-deco"; sourceTree = BUILT_PRODUCTS_DIR; };
		819EB2C0125F8D2E00CE1D88 /* indigo-api.xcodeproj */ = {isa = PBXFileReference; lastKnownFileType = "wrapper.pb-project"; name = "indigo-api.xcodeproj"; path = "../../api/indigo-api.xcodeproj"; sourceTree = SOURCE_ROOT; };
		819EB2C9125F8D3900CE1D88 /* graph.xcodeproj */ = {isa = PBXFileReference; lastKnownFileType = "wrapper.pb-project"; name = graph.xcodeproj; path = ../../graph/graph.xcodeproj; sourceTree = SOURCE_ROOT; };
		819EB2CC125F8D3900CE1D88 /* molecule.xcodeproj */ = {isa = PBXFileReference; lastKnownFileType = "wrapper.pb-project"; name = molecule.xcodeproj; path = ../../molecule/molecule.xcodeproj; sourceTree = SOURCE_ROOT; };
		819EB2CF125F8D3900CE1D88 /* reaction.xcodeproj */ = {isa = PBXFileReference; lastKnownFileType = "wrapper.pb-project"; name = reaction.xcodeproj; path = ../../reaction/reaction.xcodeproj; sourceTree = SOURCE_ROOT; };
		819EB2D2125F8D3900CE1D88 /* layout.xcodeproj */ = {isa = PBXFileReference; lastKnownFileType = "wrapper.pb-project"; name = layout.xcodeproj; path = ../../layout/layout.xcodeproj; sourceTree = SOURCE_ROOT; };
		819EB2F9125F8D9900CE1D88 /* libcairo.dylib */ = {isa = PBXFileReference; lastKnownFileType = "compiled.mach-o.dylib"; name = libcairo.dylib; path = /opt/local/lib/libcairo.dylib; sourceTree = "<absolute>"; };
		819EB304125F8E0A00CE1D88 /* os_dir_posix.c */ = {isa = PBXFileReference; fileEncoding = 4; lastKnownFileType = sourcecode.c.c; name = os_dir_posix.c; path = ../../common/base_c/os_dir_posix.c; sourceTree = SOURCE_ROOT; };
/* End PBXFileReference section */

/* Begin PBXFrameworksBuildPhase section */
		819EB290125F8C9300CE1D88 /* Frameworks */ = {
			isa = PBXFrameworksBuildPhase;
			buildActionMask = 2147483647;
			files = (
				819EB2E7125F8D4000CE1D88 /* libgraph.a in Frameworks */,
				819EB2E8125F8D4300CE1D88 /* libmolecule.a in Frameworks */,
				819EB2EC125F8D4E00CE1D88 /* libindigo.a in Frameworks */,
				819EB2EA125F8D4900CE1D88 /* liblayout.a in Frameworks */,
				819EB2E9125F8D4600CE1D88 /* libreaction.a in Frameworks */,
			);
			runOnlyForDeploymentPostprocessing = 0;
		};
/* End PBXFrameworksBuildPhase section */

/* Begin PBXGroup section */
		819EB284125F8C5D00CE1D88 = {
			isa = PBXGroup;
			children = (
				819EB304125F8E0A00CE1D88 /* os_dir_posix.c */,
				819EB2C9125F8D3900CE1D88 /* graph.xcodeproj */,
				819EB2CC125F8D3900CE1D88 /* molecule.xcodeproj */,
				819EB2CF125F8D3900CE1D88 /* reaction.xcodeproj */,
				819EB2D2125F8D3900CE1D88 /* layout.xcodeproj */,
				819EB2C0125F8D2E00CE1D88 /* indigo-api.xcodeproj */,
				819EB28E125F8C7200CE1D88 /* main.c */,
				819EB293125F8C9300CE1D88 /* Products */,
				819EB2F9125F8D9900CE1D88 /* libcairo.dylib */,
			);
			sourceTree = "<group>";
		};
		819EB293125F8C9300CE1D88 /* Products */ = {
			isa = PBXGroup;
			children = (
				819EB292125F8C9300CE1D88 /* indigo-deco */,
			);
			name = Products;
			sourceTree = "<group>";
		};
		819EB2C1125F8D2E00CE1D88 /* Products */ = {
			isa = PBXGroup;
			children = (
				819EB2C6125F8D2E00CE1D88 /* libindigo.a */,
				819EB2C8125F8D2E00CE1D88 /* libindigo.dylib */,
			);
			name = Products;
			sourceTree = "<group>";
		};
		819EB2CA125F8D3900CE1D88 /* Products */ = {
			isa = PBXGroup;
			children = (
				819EB2DA125F8D3900CE1D88 /* libgraph.a */,
			);
			name = Products;
			sourceTree = "<group>";
		};
		819EB2CD125F8D3900CE1D88 /* Products */ = {
			isa = PBXGroup;
			children = (
				819EB2DD125F8D3900CE1D88 /* libmolecule.a */,
			);
			name = Products;
			sourceTree = "<group>";
		};
		819EB2D0125F8D3900CE1D88 /* Products */ = {
			isa = PBXGroup;
			children = (
				819EB2E0125F8D3900CE1D88 /* libreaction.a */,
			);
			name = Products;
			sourceTree = "<group>";
		};
		819EB2D3125F8D3900CE1D88 /* Products */ = {
			isa = PBXGroup;
			children = (
				819EB2E3125F8D3900CE1D88 /* liblayout.a */,
			);
			name = Products;
			sourceTree = "<group>";
		};
/* End PBXGroup section */

/* Begin PBXNativeTarget section */
		819EB291125F8C9300CE1D88 /* indigo-deco */ = {
			isa = PBXNativeTarget;
			buildConfigurationList = 819EB297125F8C9400CE1D88 /* Build configuration list for PBXNativeTarget "indigo-deco" */;
			buildPhases = (
				819EB28F125F8C9300CE1D88 /* Sources */,
				819EB290125F8C9300CE1D88 /* Frameworks */,
			);
			buildRules = (
			);
			dependencies = (
				819EB2EE125F8D5C00CE1D88 /* PBXTargetDependency */,
				819EB2F0125F8D5F00CE1D88 /* PBXTargetDependency */,
				819EB2F4125F8D6600CE1D88 /* PBXTargetDependency */,
				819EB2F6125F8D6A00CE1D88 /* PBXTargetDependency */,
				819EB2F8125F8D6D00CE1D88 /* PBXTargetDependency */,
			);
			name = "indigo-deco";
			productName = "indigo-deco";
			productReference = 819EB292125F8C9300CE1D88 /* indigo-deco */;
			productType = "com.apple.product-type.tool";
		};
/* End PBXNativeTarget section */

/* Begin PBXProject section */
		819EB286125F8C5D00CE1D88 /* Project object */ = {
			isa = PBXProject;
			buildConfigurationList = 819EB289125F8C5D00CE1D88 /* Build configuration list for PBXProject "indigo-deco" */;
			compatibilityVersion = "Xcode 2.4";
			developmentRegion = English;
			hasScannedForEncodings = 0;
			knownRegions = (
				English,
				Japanese,
				French,
				German,
			);
			mainGroup = 819EB284125F8C5D00CE1D88;
			productRefGroup = 819EB293125F8C9300CE1D88 /* Products */;
			projectDirPath = "";
			projectReferences = (
				{
					ProductGroup = 819EB2CA125F8D3900CE1D88 /* Products */;
					ProjectRef = 819EB2C9125F8D3900CE1D88 /* graph.xcodeproj */;
				},
				{
					ProductGroup = 819EB2C1125F8D2E00CE1D88 /* Products */;
					ProjectRef = 819EB2C0125F8D2E00CE1D88 /* indigo-api.xcodeproj */;
				},
				{
					ProductGroup = 819EB2D3125F8D3900CE1D88 /* Products */;
					ProjectRef = 819EB2D2125F8D3900CE1D88 /* layout.xcodeproj */;
				},
				{
					ProductGroup = 819EB2CD125F8D3900CE1D88 /* Products */;
					ProjectRef = 819EB2CC125F8D3900CE1D88 /* molecule.xcodeproj */;
				},
				{
					ProductGroup = 819EB2D0125F8D3900CE1D88 /* Products */;
					ProjectRef = 819EB2CF125F8D3900CE1D88 /* reaction.xcodeproj */;
				},
			);
			projectRoot = "";
			targets = (
				819EB291125F8C9300CE1D88 /* indigo-deco */,
			);
		};
/* End PBXProject section */

/* Begin PBXReferenceProxy section */
		819EB2C6125F8D2E00CE1D88 /* libindigo.a */ = {
			isa = PBXReferenceProxy;
			fileType = archive.ar;
			path = libindigo.a;
			remoteRef = 819EB2C5125F8D2E00CE1D88 /* PBXContainerItemProxy */;
			sourceTree = BUILT_PRODUCTS_DIR;
		};
		819EB2C8125F8D2E00CE1D88 /* libindigo.dylib */ = {
			isa = PBXReferenceProxy;
			fileType = "compiled.mach-o.dylib";
			path = libindigo.dylib;
			remoteRef = 819EB2C7125F8D2E00CE1D88 /* PBXContainerItemProxy */;
			sourceTree = BUILT_PRODUCTS_DIR;
		};
		819EB2DA125F8D3900CE1D88 /* libgraph.a */ = {
			isa = PBXReferenceProxy;
			fileType = archive.ar;
			path = libgraph.a;
			remoteRef = 819EB2D9125F8D3900CE1D88 /* PBXContainerItemProxy */;
			sourceTree = BUILT_PRODUCTS_DIR;
		};
		819EB2DD125F8D3900CE1D88 /* libmolecule.a */ = {
			isa = PBXReferenceProxy;
			fileType = archive.ar;
			path = libmolecule.a;
			remoteRef = 819EB2DC125F8D3900CE1D88 /* PBXContainerItemProxy */;
			sourceTree = BUILT_PRODUCTS_DIR;
		};
		819EB2E0125F8D3900CE1D88 /* libreaction.a */ = {
			isa = PBXReferenceProxy;
			fileType = archive.ar;
			path = libreaction.a;
			remoteRef = 819EB2DF125F8D3900CE1D88 /* PBXContainerItemProxy */;
			sourceTree = BUILT_PRODUCTS_DIR;
		};
		819EB2E3125F8D3900CE1D88 /* liblayout.a */ = {
			isa = PBXReferenceProxy;
			fileType = archive.ar;
			path = liblayout.a;
			remoteRef = 819EB2E2125F8D3900CE1D88 /* PBXContainerItemProxy */;
			sourceTree = BUILT_PRODUCTS_DIR;
		};
/* End PBXReferenceProxy section */

/* Begin PBXSourcesBuildPhase section */
		819EB28F125F8C9300CE1D88 /* Sources */ = {
			isa = PBXSourcesBuildPhase;
			buildActionMask = 2147483647;
			files = (
				819EB298125F8CD300CE1D88 /* main.c in Sources */,
				819EB305125F8E0A00CE1D88 /* os_dir_posix.c in Sources */,
			);
			runOnlyForDeploymentPostprocessing = 0;
		};
/* End PBXSourcesBuildPhase section */

/* Begin PBXTargetDependency section */
		819EB2EE125F8D5C00CE1D88 /* PBXTargetDependency */ = {
			isa = PBXTargetDependency;
			name = molecule;
			targetProxy = 819EB2ED125F8D5C00CE1D88 /* PBXContainerItemProxy */;
		};
		819EB2F0125F8D5F00CE1D88 /* PBXTargetDependency */ = {
			isa = PBXTargetDependency;
			name = "indigo-static";
			targetProxy = 819EB2EF125F8D5F00CE1D88 /* PBXContainerItemProxy */;
		};
		819EB2F4125F8D6600CE1D88 /* PBXTargetDependency */ = {
			isa = PBXTargetDependency;
			name = reaction;
			targetProxy = 819EB2F3125F8D6600CE1D88 /* PBXContainerItemProxy */;
		};
		819EB2F6125F8D6A00CE1D88 /* PBXTargetDependency */ = {
			isa = PBXTargetDependency;
			name = layout;
			targetProxy = 819EB2F5125F8D6A00CE1D88 /* PBXContainerItemProxy */;
		};
		819EB2F8125F8D6D00CE1D88 /* PBXTargetDependency */ = {
			isa = PBXTargetDependency;
			name = graph;
			targetProxy = 819EB2F7125F8D6D00CE1D88 /* PBXContainerItemProxy */;
		};
/* End PBXTargetDependency section */

/* Begin XCBuildConfiguration section */
		819EB287125F8C5D00CE1D88 /* Debug */ = {
			isa = XCBuildConfiguration;
			buildSettings = {
				COPY_PHASE_STRIP = NO;
			};
			name = Debug;
		};
		819EB288125F8C5D00CE1D88 /* Release */ = {
			isa = XCBuildConfiguration;
			buildSettings = {
				COPY_PHASE_STRIP = YES;
			};
			name = Release;
		};
		819EB295125F8C9300CE1D88 /* Debug */ = {
			isa = XCBuildConfiguration;
			buildSettings = {
				ALWAYS_SEARCH_USER_PATHS = NO;
				ARCHS = "$(ARCHS_STANDARD_32_64_BIT_PRE_XCODE_3_1)";
				ARCHS_STANDARD_32_64_BIT_PRE_XCODE_3_1 = "x86_64 i386 ppc";
				COPY_PHASE_STRIP = NO;
				GCC_DYNAMIC_NO_PIC = NO;
				GCC_ENABLE_FIX_AND_CONTINUE = YES;
				GCC_MODEL_TUNING = G5;
				GCC_OPTIMIZATION_LEVEL = 0;
				HEADER_SEARCH_PATHS = (
					../..,
					../../common,
					../../api,
				);
				INSTALL_PATH = /usr/local/bin;
				LIBRARY_SEARCH_PATHS = (
					"$(inherited)",
					/opt/local/lib,
				);
				OTHER_LDFLAGS = (
					"-lz",
					"-lstdc++",
				);
				PREBINDING = NO;
				PRODUCT_NAME = "indigo-deco";
			};
			name = Debug;
		};
		819EB296125F8C9300CE1D88 /* Release */ = {
			isa = XCBuildConfiguration;
			buildSettings = {
				ALWAYS_SEARCH_USER_PATHS = NO;
				ARCHS = "$(ARCHS_STANDARD_32_64_BIT_PRE_XCODE_3_1)";
				ARCHS_STANDARD_32_64_BIT_PRE_XCODE_3_1 = "x86_64 i386 ppc";
				COPY_PHASE_STRIP = YES;
				DEBUG_INFORMATION_FORMAT = "dwarf-with-dsym";
				GCC_ENABLE_FIX_AND_CONTINUE = NO;
				GCC_MODEL_TUNING = G5;
				HEADER_SEARCH_PATHS = (
					../..,
					../../common,
					../../api,
				);
				INSTALL_PATH = /usr/local/bin;
				LIBRARY_SEARCH_PATHS = (
					"$(inherited)",
					/opt/local/lib,
				);
				OTHER_LDFLAGS = (
					"-lz",
					"-lstdc++",
				);
				PREBINDING = NO;
				PRODUCT_NAME = "indigo-deco";
				ZERO_LINK = NO;
			};
			name = Release;
		};
/* End XCBuildConfiguration section */

/* Begin XCConfigurationList section */
		819EB289125F8C5D00CE1D88 /* Build configuration list for PBXProject "indigo-deco" */ = {
			isa = XCConfigurationList;
			buildConfigurations = (
				819EB287125F8C5D00CE1D88 /* Debug */,
				819EB288125F8C5D00CE1D88 /* Release */,
			);
			defaultConfigurationIsVisible = 0;
			defaultConfigurationName = Release;
		};
		819EB297125F8C9400CE1D88 /* Build configuration list for PBXNativeTarget "indigo-deco" */ = {
			isa = XCConfigurationList;
			buildConfigurations = (
				819EB295125F8C9300CE1D88 /* Debug */,
				819EB296125F8C9300CE1D88 /* Release */,
			);
			defaultConfigurationIsVisible = 0;
			defaultConfigurationName = Release;
		};
/* End XCConfigurationList section */
	};
	rootObject = 819EB286125F8C5D00CE1D88 /* Project object */;
}
