// !$*UTF8*$!
{
	archiveVersion = 1;
	classes = {
	};
	objectVersion = 42;
	objects = {

/* Begin PBXBuildFile section */
		8114381012AD6B5300547F1F /* render_grid.h in Headers */ = {isa = PBXBuildFile; fileRef = 8114380412AD6B5300547F1F /* render_grid.h */; };
		8114381112AD6B5300547F1F /* render_item_aux.h in Headers */ = {isa = PBXBuildFile; fileRef = 8114380512AD6B5300547F1F /* render_item_aux.h */; };
		8114381312AD6B5300547F1F /* render_item_container.h in Headers */ = {isa = PBXBuildFile; fileRef = 8114380712AD6B5300547F1F /* render_item_container.h */; };
		8114381412AD6B5300547F1F /* render_item_factory.h in Headers */ = {isa = PBXBuildFile; fileRef = 8114380812AD6B5300547F1F /* render_item_factory.h */; };
		8114381512AD6B5300547F1F /* render_item_fragment.h in Headers */ = {isa = PBXBuildFile; fileRef = 8114380912AD6B5300547F1F /* render_item_fragment.h */; };
		8114381612AD6B5300547F1F /* render_item_hline.h in Headers */ = {isa = PBXBuildFile; fileRef = 8114380A12AD6B5300547F1F /* render_item_hline.h */; };
		8114381712AD6B5300547F1F /* render_item_molecule.h in Headers */ = {isa = PBXBuildFile; fileRef = 8114380B12AD6B5300547F1F /* render_item_molecule.h */; };
		8114381812AD6B5300547F1F /* render_item_reaction.h in Headers */ = {isa = PBXBuildFile; fileRef = 8114380C12AD6B5300547F1F /* render_item_reaction.h */; };
		8114381912AD6B5300547F1F /* render_item.h in Headers */ = {isa = PBXBuildFile; fileRef = 8114380D12AD6B5300547F1F /* render_item.h */; };
		8114381A12AD6B5300547F1F /* render_single.h in Headers */ = {isa = PBXBuildFile; fileRef = 8114380E12AD6B5300547F1F /* render_single.h */; };
		8114381B12AD6B5300547F1F /* render.h in Headers */ = {isa = PBXBuildFile; fileRef = 8114380F12AD6B5300547F1F /* render.h */; };
		8114382812AD6BAF00547F1F /* render_grid.cpp in Sources */ = {isa = PBXBuildFile; fileRef = 8114381C12AD6BAF00547F1F /* render_grid.cpp */; };
		8114382912AD6BAF00547F1F /* render_item_aux.cpp in Sources */ = {isa = PBXBuildFile; fileRef = 8114381D12AD6BAF00547F1F /* render_item_aux.cpp */; };
		8114382B12AD6BAF00547F1F /* render_item_container.cpp in Sources */ = {isa = PBXBuildFile; fileRef = 8114381F12AD6BAF00547F1F /* render_item_container.cpp */; };
		8114382C12AD6BAF00547F1F /* render_item_factory.cpp in Sources */ = {isa = PBXBuildFile; fileRef = 8114382012AD6BAF00547F1F /* render_item_factory.cpp */; };
		8114382D12AD6BAF00547F1F /* render_item_fragment.cpp in Sources */ = {isa = PBXBuildFile; fileRef = 8114382112AD6BAF00547F1F /* render_item_fragment.cpp */; };
		8114382E12AD6BAF00547F1F /* render_item_hline.cpp in Sources */ = {isa = PBXBuildFile; fileRef = 8114382212AD6BAF00547F1F /* render_item_hline.cpp */; };
		8114382F12AD6BAF00547F1F /* render_item_molecule.cpp in Sources */ = {isa = PBXBuildFile; fileRef = 8114382312AD6BAF00547F1F /* render_item_molecule.cpp */; };
		8114383012AD6BAF00547F1F /* render_item_reaction.cpp in Sources */ = {isa = PBXBuildFile; fileRef = 8114382412AD6BAF00547F1F /* render_item_reaction.cpp */; };
		8114383112AD6BAF00547F1F /* render_item.cpp in Sources */ = {isa = PBXBuildFile; fileRef = 8114382512AD6BAF00547F1F /* render_item.cpp */; };
		8114383212AD6BAF00547F1F /* render_single.cpp in Sources */ = {isa = PBXBuildFile; fileRef = 8114382612AD6BAF00547F1F /* render_single.cpp */; };
		8114383312AD6BAF00547F1F /* render.cpp in Sources */ = {isa = PBXBuildFile; fileRef = 8114382712AD6BAF00547F1F /* render.cpp */; };
		A756FD0911860B0E00B3B2DE /* render_common.cpp in Sources */ = {isa = PBXBuildFile; fileRef = A756FCB6118603F200B3B2DE /* render_common.cpp */; };
		A756FD0A11860B0E00B3B2DE /* render_context.cpp in Sources */ = {isa = PBXBuildFile; fileRef = A756FCB7118603F200B3B2DE /* render_context.cpp */; };
		A756FD0B11860B0E00B3B2DE /* render_fonts.cpp in Sources */ = {isa = PBXBuildFile; fileRef = A756FCB8118603F200B3B2DE /* render_fonts.cpp */; };
		A756FD0C11860B0E00B3B2DE /* render_internal.cpp in Sources */ = {isa = PBXBuildFile; fileRef = A756FCB9118603F200B3B2DE /* render_internal.cpp */; };
		A7FD719A1191D6DF0024BE5F /* render_params.cpp in Sources */ = {isa = PBXBuildFile; fileRef = A7FD71991191D6DF0024BE5F /* render_params.cpp */; };
/* End PBXBuildFile section */

/* Begin PBXFileReference section */
		8114380412AD6B5300547F1F /* render_grid.h */ = {isa = PBXFileReference; fileEncoding = 4; lastKnownFileType = sourcecode.c.h; path = render_grid.h; sourceTree = "<group>"; };
		8114380512AD6B5300547F1F /* render_item_aux.h */ = {isa = PBXFileReference; fileEncoding = 4; lastKnownFileType = sourcecode.c.h; path = render_item_aux.h; sourceTree = "<group>"; };
		8114380712AD6B5300547F1F /* render_item_container.h */ = {isa = PBXFileReference; fileEncoding = 4; lastKnownFileType = sourcecode.c.h; path = render_item_container.h; sourceTree = "<group>"; };
		8114380812AD6B5300547F1F /* render_item_factory.h */ = {isa = PBXFileReference; fileEncoding = 4; lastKnownFileType = sourcecode.c.h; path = render_item_factory.h; sourceTree = "<group>"; };
		8114380912AD6B5300547F1F /* render_item_fragment.h */ = {isa = PBXFileReference; fileEncoding = 4; lastKnownFileType = sourcecode.c.h; path = render_item_fragment.h; sourceTree = "<group>"; };
		8114380A12AD6B5300547F1F /* render_item_hline.h */ = {isa = PBXFileReference; fileEncoding = 4; lastKnownFileType = sourcecode.c.h; path = render_item_hline.h; sourceTree = "<group>"; };
		8114380B12AD6B5300547F1F /* render_item_molecule.h */ = {isa = PBXFileReference; fileEncoding = 4; lastKnownFileType = sourcecode.c.h; path = render_item_molecule.h; sourceTree = "<group>"; };
		8114380C12AD6B5300547F1F /* render_item_reaction.h */ = {isa = PBXFileReference; fileEncoding = 4; lastKnownFileType = sourcecode.c.h; path = render_item_reaction.h; sourceTree = "<group>"; };
		8114380D12AD6B5300547F1F /* render_item.h */ = {isa = PBXFileReference; fileEncoding = 4; lastKnownFileType = sourcecode.c.h; path = render_item.h; sourceTree = "<group>"; };
		8114380E12AD6B5300547F1F /* render_single.h */ = {isa = PBXFileReference; fileEncoding = 4; lastKnownFileType = sourcecode.c.h; path = render_single.h; sourceTree = "<group>"; };
		8114380F12AD6B5300547F1F /* render.h */ = {isa = PBXFileReference; fileEncoding = 4; lastKnownFileType = sourcecode.c.h; path = render.h; sourceTree = "<group>"; };
		8114381C12AD6BAF00547F1F /* render_grid.cpp */ = {isa = PBXFileReference; fileEncoding = 4; lastKnownFileType = sourcecode.cpp.cpp; name = render_grid.cpp; path = src/render_grid.cpp; sourceTree = "<group>"; };
		8114381D12AD6BAF00547F1F /* render_item_aux.cpp */ = {isa = PBXFileReference; fileEncoding = 4; lastKnownFileType = sourcecode.cpp.cpp; name = render_item_aux.cpp; path = src/render_item_aux.cpp; sourceTree = "<group>"; };
		8114381F12AD6BAF00547F1F /* render_item_container.cpp */ = {isa = PBXFileReference; fileEncoding = 4; lastKnownFileType = sourcecode.cpp.cpp; name = render_item_container.cpp; path = src/render_item_container.cpp; sourceTree = "<group>"; };
		8114382012AD6BAF00547F1F /* render_item_factory.cpp */ = {isa = PBXFileReference; fileEncoding = 4; lastKnownFileType = sourcecode.cpp.cpp; name = render_item_factory.cpp; path = src/render_item_factory.cpp; sourceTree = "<group>"; };
		8114382112AD6BAF00547F1F /* render_item_fragment.cpp */ = {isa = PBXFileReference; fileEncoding = 4; lastKnownFileType = sourcecode.cpp.cpp; name = render_item_fragment.cpp; path = src/render_item_fragment.cpp; sourceTree = "<group>"; };
		8114382212AD6BAF00547F1F /* render_item_hline.cpp */ = {isa = PBXFileReference; fileEncoding = 4; lastKnownFileType = sourcecode.cpp.cpp; name = render_item_hline.cpp; path = src/render_item_hline.cpp; sourceTree = "<group>"; };
		8114382312AD6BAF00547F1F /* render_item_molecule.cpp */ = {isa = PBXFileReference; fileEncoding = 4; lastKnownFileType = sourcecode.cpp.cpp; name = render_item_molecule.cpp; path = src/render_item_molecule.cpp; sourceTree = "<group>"; };
		8114382412AD6BAF00547F1F /* render_item_reaction.cpp */ = {isa = PBXFileReference; fileEncoding = 4; lastKnownFileType = sourcecode.cpp.cpp; name = render_item_reaction.cpp; path = src/render_item_reaction.cpp; sourceTree = "<group>"; };
		8114382512AD6BAF00547F1F /* render_item.cpp */ = {isa = PBXFileReference; fileEncoding = 4; lastKnownFileType = sourcecode.cpp.cpp; name = render_item.cpp; path = src/render_item.cpp; sourceTree = "<group>"; };
		8114382612AD6BAF00547F1F /* render_single.cpp */ = {isa = PBXFileReference; fileEncoding = 4; lastKnownFileType = sourcecode.cpp.cpp; name = render_single.cpp; path = src/render_single.cpp; sourceTree = "<group>"; };
		8114382712AD6BAF00547F1F /* render.cpp */ = {isa = PBXFileReference; fileEncoding = 4; lastKnownFileType = sourcecode.cpp.cpp; name = render.cpp; path = src/render.cpp; sourceTree = "<group>"; };
		A756FCB6118603F200B3B2DE /* render_common.cpp */ = {isa = PBXFileReference; fileEncoding = 4; lastKnownFileType = sourcecode.cpp.cpp; name = render_common.cpp; path = src/render_common.cpp; sourceTree = "<group>"; };
		A756FCB7118603F200B3B2DE /* render_context.cpp */ = {isa = PBXFileReference; fileEncoding = 4; lastKnownFileType = sourcecode.cpp.cpp; name = render_context.cpp; path = src/render_context.cpp; sourceTree = "<group>"; };
		A756FCB8118603F200B3B2DE /* render_fonts.cpp */ = {isa = PBXFileReference; fileEncoding = 4; lastKnownFileType = sourcecode.cpp.cpp; name = render_fonts.cpp; path = src/render_fonts.cpp; sourceTree = "<group>"; };
		A756FCB9118603F200B3B2DE /* render_internal.cpp */ = {isa = PBXFileReference; fileEncoding = 4; lastKnownFileType = sourcecode.cpp.cpp; name = render_internal.cpp; path = src/render_internal.cpp; sourceTree = "<group>"; };
		A756FCBD118603FD00B3B2DE /* render_common.h */ = {isa = PBXFileReference; fileEncoding = 4; lastKnownFileType = sourcecode.c.h; path = render_common.h; sourceTree = "<group>"; };
		A756FCBE118603FD00B3B2DE /* render_context.h */ = {isa = PBXFileReference; fileEncoding = 4; lastKnownFileType = sourcecode.c.h; path = render_context.h; sourceTree = "<group>"; };
		A756FCBF118603FD00B3B2DE /* render_internal.h */ = {isa = PBXFileReference; fileEncoding = 4; lastKnownFileType = sourcecode.c.h; path = render_internal.h; sourceTree = "<group>"; };
		A756FCDE11860A5D00B3B2DE /* librender2d.a */ = {isa = PBXFileReference; explicitFileType = archive.ar; includeInIndex = 0; path = librender2d.a; sourceTree = BUILT_PRODUCTS_DIR; };
		A7FD71991191D6DF0024BE5F /* render_params.cpp */ = {isa = PBXFileReference; fileEncoding = 4; lastKnownFileType = sourcecode.cpp.cpp; name = render_params.cpp; path = src/render_params.cpp; sourceTree = "<group>"; };
		A7FD719D1191D6F30024BE5F /* render_params.h */ = {isa = PBXFileReference; fileEncoding = 4; lastKnownFileType = sourcecode.c.h; path = render_params.h; sourceTree = "<group>"; };
/* End PBXFileReference section */

/* Begin PBXFrameworksBuildPhase section */
		A756FCDC11860A5D00B3B2DE /* Frameworks */ = {
			isa = PBXFrameworksBuildPhase;
			buildActionMask = 2147483647;
			files = (
			);
			runOnlyForDeploymentPostprocessing = 0;
		};
/* End PBXFrameworksBuildPhase section */

/* Begin PBXGroup section */
		A756FCA7118603D500B3B2DE = {
			isa = PBXGroup;
			children = (
				A756FCB4118603E300B3B2DE /* src */,
				A756FCDF11860A5D00B3B2DE /* Products */,
			);
			sourceTree = "<group>";
		};
		A756FCB4118603E300B3B2DE /* src */ = {
			isa = PBXGroup;
			children = (
				8114381C12AD6BAF00547F1F /* render_grid.cpp */,
				8114381D12AD6BAF00547F1F /* render_item_aux.cpp */,
				8114381F12AD6BAF00547F1F /* render_item_container.cpp */,
				8114382012AD6BAF00547F1F /* render_item_factory.cpp */,
				8114382112AD6BAF00547F1F /* render_item_fragment.cpp */,
				8114382212AD6BAF00547F1F /* render_item_hline.cpp */,
				8114382312AD6BAF00547F1F /* render_item_molecule.cpp */,
				8114382412AD6BAF00547F1F /* render_item_reaction.cpp */,
				8114382512AD6BAF00547F1F /* render_item.cpp */,
				8114382612AD6BAF00547F1F /* render_single.cpp */,
				8114382712AD6BAF00547F1F /* render.cpp */,
				8114380412AD6B5300547F1F /* render_grid.h */,
				8114380512AD6B5300547F1F /* render_item_aux.h */,
				8114380712AD6B5300547F1F /* render_item_container.h */,
				8114380812AD6B5300547F1F /* render_item_factory.h */,
				8114380912AD6B5300547F1F /* render_item_fragment.h */,
				8114380A12AD6B5300547F1F /* render_item_hline.h */,
				8114380B12AD6B5300547F1F /* render_item_molecule.h */,
				8114380C12AD6B5300547F1F /* render_item_reaction.h */,
				8114380D12AD6B5300547F1F /* render_item.h */,
				8114380E12AD6B5300547F1F /* render_single.h */,
				8114380F12AD6B5300547F1F /* render.h */,
				A7FD719D1191D6F30024BE5F /* render_params.h */,
				A7FD71991191D6DF0024BE5F /* render_params.cpp */,
				A756FCBD118603FD00B3B2DE /* render_common.h */,
				A756FCBE118603FD00B3B2DE /* render_context.h */,
				A756FCBF118603FD00B3B2DE /* render_internal.h */,
				A756FCB6118603F200B3B2DE /* render_common.cpp */,
				A756FCB7118603F200B3B2DE /* render_context.cpp */,
				A756FCB8118603F200B3B2DE /* render_fonts.cpp */,
				A756FCB9118603F200B3B2DE /* render_internal.cpp */,
			);
			name = src;
			sourceTree = "<group>";
		};
		A756FCDF11860A5D00B3B2DE /* Products */ = {
			isa = PBXGroup;
			children = (
				A756FCDE11860A5D00B3B2DE /* librender2d.a */,
			);
			name = Products;
			sourceTree = "<group>";
		};
/* End PBXGroup section */

/* Begin PBXHeadersBuildPhase section */
		A756FCDA11860A5D00B3B2DE /* Headers */ = {
			isa = PBXHeadersBuildPhase;
			buildActionMask = 2147483647;
			files = (
				8114381012AD6B5300547F1F /* render_grid.h in Headers */,
				8114381112AD6B5300547F1F /* render_item_aux.h in Headers */,
				8114381312AD6B5300547F1F /* render_item_container.h in Headers */,
				8114381412AD6B5300547F1F /* render_item_factory.h in Headers */,
				8114381512AD6B5300547F1F /* render_item_fragment.h in Headers */,
				8114381612AD6B5300547F1F /* render_item_hline.h in Headers */,
				8114381712AD6B5300547F1F /* render_item_molecule.h in Headers */,
				8114381812AD6B5300547F1F /* render_item_reaction.h in Headers */,
				8114381912AD6B5300547F1F /* render_item.h in Headers */,
				8114381A12AD6B5300547F1F /* render_single.h in Headers */,
				8114381B12AD6B5300547F1F /* render.h in Headers */,
			);
			runOnlyForDeploymentPostprocessing = 0;
		};
/* End PBXHeadersBuildPhase section */

/* Begin PBXNativeTarget section */
		A756FCDD11860A5D00B3B2DE /* render2d */ = {
			isa = PBXNativeTarget;
			buildConfigurationList = A756FCE211860A5E00B3B2DE /* Build configuration list for PBXNativeTarget "render2d" */;
			buildPhases = (
				A756FCDA11860A5D00B3B2DE /* Headers */,
				A756FCDB11860A5D00B3B2DE /* Sources */,
				A756FCDC11860A5D00B3B2DE /* Frameworks */,
			);
			buildRules = (
			);
			dependencies = (
			);
			name = render2d;
			productName = render2d;
			productReference = A756FCDE11860A5D00B3B2DE /* librender2d.a */;
			productType = "com.apple.product-type.library.static";
		};
/* End PBXNativeTarget section */

/* Begin PBXProject section */
		A756FCA9118603D500B3B2DE /* Project object */ = {
			isa = PBXProject;
			buildConfigurationList = A756FCAC118603D500B3B2DE /* Build configuration list for PBXProject "render2d" */;
			compatibilityVersion = "Xcode 2.4";
			developmentRegion = English;
			hasScannedForEncodings = 0;
			knownRegions = (
				English,
				Japanese,
				French,
				German,
			);
			mainGroup = A756FCA7118603D500B3B2DE;
			productRefGroup = A756FCDF11860A5D00B3B2DE /* Products */;
			projectDirPath = "";
			projectRoot = "";
			targets = (
				A756FCDD11860A5D00B3B2DE /* render2d */,
			);
		};
/* End PBXProject section */

/* Begin PBXSourcesBuildPhase section */
		A756FCDB11860A5D00B3B2DE /* Sources */ = {
			isa = PBXSourcesBuildPhase;
			buildActionMask = 2147483647;
			files = (
				A756FD0911860B0E00B3B2DE /* render_common.cpp in Sources */,
				A756FD0A11860B0E00B3B2DE /* render_context.cpp in Sources */,
				A756FD0B11860B0E00B3B2DE /* render_fonts.cpp in Sources */,
				A756FD0C11860B0E00B3B2DE /* render_internal.cpp in Sources */,
				A7FD719A1191D6DF0024BE5F /* render_params.cpp in Sources */,
				8114382812AD6BAF00547F1F /* render_grid.cpp in Sources */,
				8114382912AD6BAF00547F1F /* render_item_aux.cpp in Sources */,
				8114382B12AD6BAF00547F1F /* render_item_container.cpp in Sources */,
				8114382C12AD6BAF00547F1F /* render_item_factory.cpp in Sources */,
				8114382D12AD6BAF00547F1F /* render_item_fragment.cpp in Sources */,
				8114382E12AD6BAF00547F1F /* render_item_hline.cpp in Sources */,
				8114382F12AD6BAF00547F1F /* render_item_molecule.cpp in Sources */,
				8114383012AD6BAF00547F1F /* render_item_reaction.cpp in Sources */,
				8114383112AD6BAF00547F1F /* render_item.cpp in Sources */,
				8114383212AD6BAF00547F1F /* render_single.cpp in Sources */,
				8114383312AD6BAF00547F1F /* render.cpp in Sources */,
			);
			runOnlyForDeploymentPostprocessing = 0;
		};
/* End PBXSourcesBuildPhase section */

/* Begin XCBuildConfiguration section */
		81EB27C013229BA500D7BB3B /* Release10.6 */ = {
			isa = XCBuildConfiguration;
			buildSettings = {
				ARCHS = "$(ARCHS_STANDARD_32_64_BIT_PRE_XCODE_3_1)";
				ARCHS_STANDARD_32_64_BIT_PRE_XCODE_3_1 = "x86_64 i386 ppc";
				COPY_PHASE_STRIP = YES;
				SDKROOT = "$(DEVELOPER_SDK_DIR)/MacOSX10.6.sdk";
			};
			name = Release10.6;
		};
		81EB27C113229BA500D7BB3B /* Release10.6 */ = {
			isa = XCBuildConfiguration;
			buildSettings = {
				ALWAYS_SEARCH_USER_PATHS = NO;
				ARCHS = "$(ARCHS_STANDARD_32_64_BIT_PRE_XCODE_3_1)";
				ARCHS_STANDARD_32_64_BIT_PRE_XCODE_3_1 = "x86_64 i386 ppc";
				COPY_PHASE_STRIP = YES;
				DEBUG_INFORMATION_FORMAT = "dwarf-with-dsym";
				GCC_ENABLE_FIX_AND_CONTINUE = NO;
				GCC_INLINES_ARE_PRIVATE_EXTERN = YES;
				GCC_MODEL_TUNING = G5;
				GCC_SYMBOLS_PRIVATE_EXTERN = YES;
				HEADER_SEARCH_PATHS = (
					/opt/local/include,
					/opt/local/include/cairo,
					/opt/local/include/freetype2,
					../common,
					..,
				);
				INSTALL_PATH = /usr/local/lib;
				ONLY_ACTIVE_ARCH = NO;
				PREBINDING = NO;
				PRODUCT_NAME = render2d;
				ZERO_LINK = NO;
			};
			name = Release10.6;
		};
		A756FCAA118603D500B3B2DE /* Debug */ = {
			isa = XCBuildConfiguration;
			buildSettings = {
				COPY_PHASE_STRIP = NO;
				ONLY_ACTIVE_ARCH = YES;
			};
			name = Debug;
		};
		A756FCAB118603D500B3B2DE /* Release10.5 */ = {
			isa = XCBuildConfiguration;
			buildSettings = {
				ARCHS = "$(ARCHS_STANDARD_32_64_BIT_PRE_XCODE_3_1)";
				ARCHS_STANDARD_32_64_BIT_PRE_XCODE_3_1 = "x86_64 i386 ppc";
				COPY_PHASE_STRIP = YES;
				SDKROOT = /Developer/SDKs/MacOSX10.5.sdk;
			};
			name = Release10.5;
		};
		A756FCE011860A5E00B3B2DE /* Debug */ = {
			isa = XCBuildConfiguration;
			buildSettings = {
				ALWAYS_SEARCH_USER_PATHS = NO;
				ARCHS = "$(ONLY_ACTIVE_ARCH_PRE_XCODE_3_1)";
				COPY_PHASE_STRIP = NO;
				GCC_DYNAMIC_NO_PIC = NO;
				GCC_ENABLE_FIX_AND_CONTINUE = YES;
				GCC_INLINES_ARE_PRIVATE_EXTERN = YES;
				GCC_MODEL_TUNING = G5;
				GCC_OPTIMIZATION_LEVEL = 0;
				GCC_SYMBOLS_PRIVATE_EXTERN = YES;
				HEADER_SEARCH_PATHS = (
					/opt/local/include,
					/opt/local/include/cairo,
					/opt/local/include/freetype2,
					../common,
					..,
				);
				INSTALL_PATH = /usr/local/lib;
				ONLY_ACTIVE_ARCH_PRE_XCODE_3_1 = "$(NATIVE_ARCH_ACTUAL)";
				PREBINDING = NO;
				PRODUCT_NAME = render2d;
			};
			name = Debug;
		};
		A756FCE111860A5E00B3B2DE /* Release10.5 */ = {
			isa = XCBuildConfiguration;
			buildSettings = {
				ALWAYS_SEARCH_USER_PATHS = NO;
				ARCHS = "$(ARCHS_STANDARD_32_64_BIT_PRE_XCODE_3_1)";
				ARCHS_STANDARD_32_64_BIT_PRE_XCODE_3_1 = "x86_64 i386 ppc";
				COPY_PHASE_STRIP = YES;
				DEBUG_INFORMATION_FORMAT = "dwarf-with-dsym";
				GCC_ENABLE_FIX_AND_CONTINUE = NO;
				GCC_INLINES_ARE_PRIVATE_EXTERN = YES;
				GCC_MODEL_TUNING = G5;
				GCC_SYMBOLS_PRIVATE_EXTERN = YES;
				HEADER_SEARCH_PATHS = (
					/opt/local/include,
					/opt/local/include/cairo,
					/opt/local/include/freetype2,
					../common,
					..,
				);
				INSTALL_PATH = /usr/local/lib;
				ONLY_ACTIVE_ARCH = NO;
				PREBINDING = NO;
				PRODUCT_NAME = render2d;
				ZERO_LINK = NO;
			};
			name = Release10.5;
		};
/* End XCBuildConfiguration section */

/* Begin XCConfigurationList section */
		A756FCAC118603D500B3B2DE /* Build configuration list for PBXProject "render2d" */ = {
			isa = XCConfigurationList;
			buildConfigurations = (
				A756FCAA118603D500B3B2DE /* Debug */,
				A756FCAB118603D500B3B2DE /* Release10.5 */,
				81EB27C013229BA500D7BB3B /* Release10.6 */,
			);
			defaultConfigurationIsVisible = 0;
			defaultConfigurationName = Release10.5;
		};
		A756FCE211860A5E00B3B2DE /* Build configuration list for PBXNativeTarget "render2d" */ = {
			isa = XCConfigurationList;
			buildConfigurations = (
				A756FCE011860A5E00B3B2DE /* Debug */,
				A756FCE111860A5E00B3B2DE /* Release10.5 */,
				81EB27C113229BA500D7BB3B /* Release10.6 */,
			);
			defaultConfigurationIsVisible = 0;
			defaultConfigurationName = Release10.5;
		};
/* End XCConfigurationList section */
	};
	rootObject = A756FCA9118603D500B3B2DE /* Project object */;
}
