// !$*UTF8*$!
{
	archiveVersion = 1;
	classes = {
	};
	objectVersion = 42;
	objects = {

/* Begin PBXBuildFile section */
		A778DF111250ADE00098784F /* base_reaction_substructure_matcher.cpp in Sources */ = {isa = PBXBuildFile; fileRef = A778DF0F1250ADE00098784F /* base_reaction_substructure_matcher.cpp */; };
		A778DF121250ADE00098784F /* reaction_exact_matcher.cpp in Sources */ = {isa = PBXBuildFile; fileRef = A778DF101250ADE00098784F /* reaction_exact_matcher.cpp */; };
		A795EFE211B51B7D005A9036 /* base_reaction.cpp in Sources */ = {isa = PBXBuildFile; fileRef = A795EFDF11B51B7D005A9036 /* base_reaction.cpp */; };
		A795EFE311B51B7D005A9036 /* query_reaction.cpp in Sources */ = {isa = PBXBuildFile; fileRef = A795EFE011B51B7D005A9036 /* query_reaction.cpp */; };
		A795EFE411B51B7D005A9036 /* reaction_highlighting.cpp in Sources */ = {isa = PBXBuildFile; fileRef = A795EFE111B51B7D005A9036 /* reaction_highlighting.cpp */; };
		A7A3DB39117F6FB800DA2893 /* reaction_enumerator_state.cpp in Sources */ = {isa = PBXBuildFile; fileRef = A7A3DB37117F6FB800DA2893 /* reaction_enumerator_state.cpp */; };
		A7A3DB3A117F6FB800DA2893 /* reaction_product_enumerator.cpp in Sources */ = {isa = PBXBuildFile; fileRef = A7A3DB38117F6FB800DA2893 /* reaction_product_enumerator.cpp */; };
		A7E9C70E11C91F0C0011961B /* reaction_neighborhood_counters.cpp in Sources */ = {isa = PBXBuildFile; fileRef = A7E9C70D11C91F0C0011961B /* reaction_neighborhood_counters.cpp */; };
		A7EDA55D106250A8006CBFAF /* crf_loader.cpp in Sources */ = {isa = PBXBuildFile; fileRef = A7EDA5381062503D006CBFAF /* crf_loader.cpp */; };
		A7EDA55E106250A8006CBFAF /* icr_loader.cpp in Sources */ = {isa = PBXBuildFile; fileRef = A7EDA53A1062503D006CBFAF /* icr_loader.cpp */; };
		A7EDA55F106250A8006CBFAF /* rxnfile_loader.cpp in Sources */ = {isa = PBXBuildFile; fileRef = A7EDA5431062503D006CBFAF /* rxnfile_loader.cpp */; };
		A7EDA560106250A8006CBFAF /* rxnfile_saver.cpp in Sources */ = {isa = PBXBuildFile; fileRef = A7EDA5441062503D006CBFAF /* rxnfile_saver.cpp */; };
		A7EDA561106250A8006CBFAF /* rsmiles_loader.cpp in Sources */ = {isa = PBXBuildFile; fileRef = A7EDA5411062503D006CBFAF /* rsmiles_loader.cpp */; };
		A7EDA562106250A8006CBFAF /* rsmiles_saver.cpp in Sources */ = {isa = PBXBuildFile; fileRef = A7EDA5421062503D006CBFAF /* rsmiles_saver.cpp */; };
		A7EDA563106250A8006CBFAF /* reaction_auto_loader.cpp in Sources */ = {isa = PBXBuildFile; fileRef = A7EDA53C1062503D006CBFAF /* reaction_auto_loader.cpp */; };
		A7EDA564106250A8006CBFAF /* crf_saver.cpp in Sources */ = {isa = PBXBuildFile; fileRef = A7EDA5391062503D006CBFAF /* crf_saver.cpp */; };
		A7EDA565106250A8006CBFAF /* reaction.cpp in Sources */ = {isa = PBXBuildFile; fileRef = A7EDA5401062503D006CBFAF /* reaction.cpp */; };
		A7EDA566106250A8006CBFAF /* reaction_substructure_matcher.cpp in Sources */ = {isa = PBXBuildFile; fileRef = A7EDA53F1062503D006CBFAF /* reaction_substructure_matcher.cpp */; };
		A7EDA567106250A8006CBFAF /* reaction_automapper.cpp in Sources */ = {isa = PBXBuildFile; fileRef = A7EDA53D1062503D006CBFAF /* reaction_automapper.cpp */; };
		A7EDA568106250A8006CBFAF /* reaction_fingerprint.cpp in Sources */ = {isa = PBXBuildFile; fileRef = A7EDA53E1062503D006CBFAF /* reaction_fingerprint.cpp */; };
		A7EDA569106250A8006CBFAF /* icr_saver.cpp in Sources */ = {isa = PBXBuildFile; fileRef = A7EDA53B1062503D006CBFAF /* icr_saver.cpp */; };
/* End PBXBuildFile section */

/* Begin PBXFileReference section */
		A778DF0D1250ADD30098784F /* base_reaction_substructure_matcher.h */ = {isa = PBXFileReference; fileEncoding = 4; lastKnownFileType = sourcecode.c.h; path = base_reaction_substructure_matcher.h; sourceTree = "<group>"; };
		A778DF0E1250ADD30098784F /* reaction_exact_matcher.h */ = {isa = PBXFileReference; fileEncoding = 4; lastKnownFileType = sourcecode.c.h; path = reaction_exact_matcher.h; sourceTree = "<group>"; };
		A778DF0F1250ADE00098784F /* base_reaction_substructure_matcher.cpp */ = {isa = PBXFileReference; fileEncoding = 4; lastKnownFileType = sourcecode.cpp.cpp; name = base_reaction_substructure_matcher.cpp; path = src/base_reaction_substructure_matcher.cpp; sourceTree = "<group>"; };
		A778DF101250ADE00098784F /* reaction_exact_matcher.cpp */ = {isa = PBXFileReference; fileEncoding = 4; lastKnownFileType = sourcecode.cpp.cpp; name = reaction_exact_matcher.cpp; path = src/reaction_exact_matcher.cpp; sourceTree = "<group>"; };
		A795EFDB11B51B6C005A9036 /* base_reaction.h */ = {isa = PBXFileReference; fileEncoding = 4; lastKnownFileType = sourcecode.c.h; path = base_reaction.h; sourceTree = "<group>"; };
		A795EFDC11B51B6C005A9036 /* query_reaction.h */ = {isa = PBXFileReference; fileEncoding = 4; lastKnownFileType = sourcecode.c.h; path = query_reaction.h; sourceTree = "<group>"; };
		A795EFDD11B51B6C005A9036 /* reaction_highlighting.h */ = {isa = PBXFileReference; fileEncoding = 4; lastKnownFileType = sourcecode.c.h; path = reaction_highlighting.h; sourceTree = "<group>"; };
		A795EFDF11B51B7D005A9036 /* base_reaction.cpp */ = {isa = PBXFileReference; fileEncoding = 4; lastKnownFileType = sourcecode.cpp.cpp; name = base_reaction.cpp; path = src/base_reaction.cpp; sourceTree = "<group>"; };
		A795EFE011B51B7D005A9036 /* query_reaction.cpp */ = {isa = PBXFileReference; fileEncoding = 4; lastKnownFileType = sourcecode.cpp.cpp; name = query_reaction.cpp; path = src/query_reaction.cpp; sourceTree = "<group>"; };
		A795EFE111B51B7D005A9036 /* reaction_highlighting.cpp */ = {isa = PBXFileReference; fileEncoding = 4; lastKnownFileType = sourcecode.cpp.cpp; name = reaction_highlighting.cpp; path = src/reaction_highlighting.cpp; sourceTree = "<group>"; };
		A7A3DB37117F6FB800DA2893 /* reaction_enumerator_state.cpp */ = {isa = PBXFileReference; fileEncoding = 4; lastKnownFileType = sourcecode.cpp.cpp; name = reaction_enumerator_state.cpp; path = src/reaction_enumerator_state.cpp; sourceTree = "<group>"; };
		A7A3DB38117F6FB800DA2893 /* reaction_product_enumerator.cpp */ = {isa = PBXFileReference; fileEncoding = 4; lastKnownFileType = sourcecode.cpp.cpp; name = reaction_product_enumerator.cpp; path = src/reaction_product_enumerator.cpp; sourceTree = "<group>"; };
		A7A3DB3B117F6FD100DA2893 /* reaction_enumerator_state.h */ = {isa = PBXFileReference; fileEncoding = 4; lastKnownFileType = sourcecode.c.h; path = reaction_enumerator_state.h; sourceTree = "<group>"; };
		A7A3DB3C117F6FD100DA2893 /* reaction_product_enumerator.h */ = {isa = PBXFileReference; fileEncoding = 4; lastKnownFileType = sourcecode.c.h; path = reaction_product_enumerator.h; sourceTree = "<group>"; };
		A7E9C70C11C91F010011961B /* reaction_neighborhood_counters.h */ = {isa = PBXFileReference; fileEncoding = 4; lastKnownFileType = sourcecode.c.h; path = reaction_neighborhood_counters.h; sourceTree = "<group>"; };
		A7E9C70D11C91F0C0011961B /* reaction_neighborhood_counters.cpp */ = {isa = PBXFileReference; fileEncoding = 4; lastKnownFileType = sourcecode.cpp.cpp; name = reaction_neighborhood_counters.cpp; path = src/reaction_neighborhood_counters.cpp; sourceTree = "<group>"; };
		A7EDA5381062503D006CBFAF /* crf_loader.cpp */ = {isa = PBXFileReference; fileEncoding = 4; lastKnownFileType = sourcecode.cpp.cpp; name = crf_loader.cpp; path = src/crf_loader.cpp; sourceTree = "<group>"; };
		A7EDA5391062503D006CBFAF /* crf_saver.cpp */ = {isa = PBXFileReference; fileEncoding = 4; lastKnownFileType = sourcecode.cpp.cpp; name = crf_saver.cpp; path = src/crf_saver.cpp; sourceTree = "<group>"; };
		A7EDA53A1062503D006CBFAF /* icr_loader.cpp */ = {isa = PBXFileReference; fileEncoding = 4; lastKnownFileType = sourcecode.cpp.cpp; name = icr_loader.cpp; path = src/icr_loader.cpp; sourceTree = "<group>"; };
		A7EDA53B1062503D006CBFAF /* icr_saver.cpp */ = {isa = PBXFileReference; fileEncoding = 4; lastKnownFileType = sourcecode.cpp.cpp; name = icr_saver.cpp; path = src/icr_saver.cpp; sourceTree = "<group>"; };
		A7EDA53C1062503D006CBFAF /* reaction_auto_loader.cpp */ = {isa = PBXFileReference; fileEncoding = 4; lastKnownFileType = sourcecode.cpp.cpp; name = reaction_auto_loader.cpp; path = src/reaction_auto_loader.cpp; sourceTree = "<group>"; };
		A7EDA53D1062503D006CBFAF /* reaction_automapper.cpp */ = {isa = PBXFileReference; fileEncoding = 4; lastKnownFileType = sourcecode.cpp.cpp; name = reaction_automapper.cpp; path = src/reaction_automapper.cpp; sourceTree = "<group>"; };
		A7EDA53E1062503D006CBFAF /* reaction_fingerprint.cpp */ = {isa = PBXFileReference; fileEncoding = 4; lastKnownFileType = sourcecode.cpp.cpp; name = reaction_fingerprint.cpp; path = src/reaction_fingerprint.cpp; sourceTree = "<group>"; };
		A7EDA53F1062503D006CBFAF /* reaction_substructure_matcher.cpp */ = {isa = PBXFileReference; fileEncoding = 4; lastKnownFileType = sourcecode.cpp.cpp; name = reaction_substructure_matcher.cpp; path = src/reaction_substructure_matcher.cpp; sourceTree = "<group>"; };
		A7EDA5401062503D006CBFAF /* reaction.cpp */ = {isa = PBXFileReference; fileEncoding = 4; lastKnownFileType = sourcecode.cpp.cpp; name = reaction.cpp; path = src/reaction.cpp; sourceTree = "<group>"; };
		A7EDA5411062503D006CBFAF /* rsmiles_loader.cpp */ = {isa = PBXFileReference; fileEncoding = 4; lastKnownFileType = sourcecode.cpp.cpp; name = rsmiles_loader.cpp; path = src/rsmiles_loader.cpp; sourceTree = "<group>"; };
		A7EDA5421062503D006CBFAF /* rsmiles_saver.cpp */ = {isa = PBXFileReference; fileEncoding = 4; lastKnownFileType = sourcecode.cpp.cpp; name = rsmiles_saver.cpp; path = src/rsmiles_saver.cpp; sourceTree = "<group>"; };
		A7EDA5431062503D006CBFAF /* rxnfile_loader.cpp */ = {isa = PBXFileReference; fileEncoding = 4; lastKnownFileType = sourcecode.cpp.cpp; name = rxnfile_loader.cpp; path = src/rxnfile_loader.cpp; sourceTree = "<group>"; };
		A7EDA5441062503D006CBFAF /* rxnfile_saver.cpp */ = {isa = PBXFileReference; fileEncoding = 4; lastKnownFileType = sourcecode.cpp.cpp; name = rxnfile_saver.cpp; path = src/rxnfile_saver.cpp; sourceTree = "<group>"; };
		A7EDA54510625066006CBFAF /* crf_loader.h */ = {isa = PBXFileReference; fileEncoding = 4; lastKnownFileType = sourcecode.c.h; path = crf_loader.h; sourceTree = "<group>"; };
		A7EDA54610625066006CBFAF /* crf_saver.h */ = {isa = PBXFileReference; fileEncoding = 4; lastKnownFileType = sourcecode.c.h; path = crf_saver.h; sourceTree = "<group>"; };
		A7EDA54710625066006CBFAF /* icr_loader.h */ = {isa = PBXFileReference; fileEncoding = 4; lastKnownFileType = sourcecode.c.h; path = icr_loader.h; sourceTree = "<group>"; };
		A7EDA54810625066006CBFAF /* icr_saver.h */ = {isa = PBXFileReference; fileEncoding = 4; lastKnownFileType = sourcecode.c.h; path = icr_saver.h; sourceTree = "<group>"; };
		A7EDA54910625066006CBFAF /* reaction_auto_loader.h */ = {isa = PBXFileReference; fileEncoding = 4; lastKnownFileType = sourcecode.c.h; path = reaction_auto_loader.h; sourceTree = "<group>"; };
		A7EDA54A10625066006CBFAF /* reaction_automapper.h */ = {isa = PBXFileReference; fileEncoding = 4; lastKnownFileType = sourcecode.c.h; path = reaction_automapper.h; sourceTree = "<group>"; };
		A7EDA54B10625066006CBFAF /* reaction_fingerprint.h */ = {isa = PBXFileReference; fileEncoding = 4; lastKnownFileType = sourcecode.c.h; path = reaction_fingerprint.h; sourceTree = "<group>"; };
		A7EDA54C10625066006CBFAF /* reaction_substructure_matcher.h */ = {isa = PBXFileReference; fileEncoding = 4; lastKnownFileType = sourcecode.c.h; path = reaction_substructure_matcher.h; sourceTree = "<group>"; };
		A7EDA54D10625066006CBFAF /* reaction.h */ = {isa = PBXFileReference; fileEncoding = 4; lastKnownFileType = sourcecode.c.h; path = reaction.h; sourceTree = "<group>"; };
		A7EDA54E10625066006CBFAF /* rsmiles_loader.h */ = {isa = PBXFileReference; fileEncoding = 4; lastKnownFileType = sourcecode.c.h; path = rsmiles_loader.h; sourceTree = "<group>"; };
		A7EDA54F10625066006CBFAF /* rsmiles_saver.h */ = {isa = PBXFileReference; fileEncoding = 4; lastKnownFileType = sourcecode.c.h; path = rsmiles_saver.h; sourceTree = "<group>"; };
		A7EDA55010625066006CBFAF /* rxnfile_loader.h */ = {isa = PBXFileReference; fileEncoding = 4; lastKnownFileType = sourcecode.c.h; path = rxnfile_loader.h; sourceTree = "<group>"; };
		A7EDA55110625066006CBFAF /* rxnfile_saver.h */ = {isa = PBXFileReference; fileEncoding = 4; lastKnownFileType = sourcecode.c.h; path = rxnfile_saver.h; sourceTree = "<group>"; };
		A7EDA55610625076006CBFAF /* libreaction.a */ = {isa = PBXFileReference; explicitFileType = archive.ar; includeInIndex = 0; path = libreaction.a; sourceTree = BUILT_PRODUCTS_DIR; };
/* End PBXFileReference section */

/* Begin PBXFrameworksBuildPhase section */
		A7EDA55410625076006CBFAF /* Frameworks */ = {
			isa = PBXFrameworksBuildPhase;
			buildActionMask = 2147483647;
			files = (
			);
			runOnlyForDeploymentPostprocessing = 0;
		};
/* End PBXFrameworksBuildPhase section */

/* Begin PBXGroup section */
		A7EDA52A10625014006CBFAF = {
			isa = PBXGroup;
			children = (
				A7EDA53710625029006CBFAF /* src */,
				A7EDA55710625076006CBFAF /* Products */,
			);
			sourceTree = "<group>";
		};
		A7EDA53710625029006CBFAF /* src */ = {
			isa = PBXGroup;
			children = (
				A778DF0F1250ADE00098784F /* base_reaction_substructure_matcher.cpp */,
				A778DF101250ADE00098784F /* reaction_exact_matcher.cpp */,
				A778DF0D1250ADD30098784F /* base_reaction_substructure_matcher.h */,
				A778DF0E1250ADD30098784F /* reaction_exact_matcher.h */,
				A7E9C70D11C91F0C0011961B /* reaction_neighborhood_counters.cpp */,
				A7E9C70C11C91F010011961B /* reaction_neighborhood_counters.h */,
				A795EFDF11B51B7D005A9036 /* base_reaction.cpp */,
				A795EFE011B51B7D005A9036 /* query_reaction.cpp */,
				A795EFE111B51B7D005A9036 /* reaction_highlighting.cpp */,
				A795EFDB11B51B6C005A9036 /* base_reaction.h */,
				A795EFDC11B51B6C005A9036 /* query_reaction.h */,
				A795EFDD11B51B6C005A9036 /* reaction_highlighting.h */,
				A7A3DB3B117F6FD100DA2893 /* reaction_enumerator_state.h */,
				A7A3DB3C117F6FD100DA2893 /* reaction_product_enumerator.h */,
				A7A3DB37117F6FB800DA2893 /* reaction_enumerator_state.cpp */,
				A7A3DB38117F6FB800DA2893 /* reaction_product_enumerator.cpp */,
				A7EDA54510625066006CBFAF /* crf_loader.h */,
				A7EDA54610625066006CBFAF /* crf_saver.h */,
				A7EDA54710625066006CBFAF /* icr_loader.h */,
				A7EDA54810625066006CBFAF /* icr_saver.h */,
				A7EDA54910625066006CBFAF /* reaction_auto_loader.h */,
				A7EDA54A10625066006CBFAF /* reaction_automapper.h */,
				A7EDA54B10625066006CBFAF /* reaction_fingerprint.h */,
				A7EDA54C10625066006CBFAF /* reaction_substructure_matcher.h */,
				A7EDA54D10625066006CBFAF /* reaction.h */,
				A7EDA54E10625066006CBFAF /* rsmiles_loader.h */,
				A7EDA54F10625066006CBFAF /* rsmiles_saver.h */,
				A7EDA55010625066006CBFAF /* rxnfile_loader.h */,
				A7EDA55110625066006CBFAF /* rxnfile_saver.h */,
				A7EDA5381062503D006CBFAF /* crf_loader.cpp */,
				A7EDA5391062503D006CBFAF /* crf_saver.cpp */,
				A7EDA53A1062503D006CBFAF /* icr_loader.cpp */,
				A7EDA53B1062503D006CBFAF /* icr_saver.cpp */,
				A7EDA53C1062503D006CBFAF /* reaction_auto_loader.cpp */,
				A7EDA53D1062503D006CBFAF /* reaction_automapper.cpp */,
				A7EDA53E1062503D006CBFAF /* reaction_fingerprint.cpp */,
				A7EDA53F1062503D006CBFAF /* reaction_substructure_matcher.cpp */,
				A7EDA5401062503D006CBFAF /* reaction.cpp */,
				A7EDA5411062503D006CBFAF /* rsmiles_loader.cpp */,
				A7EDA5421062503D006CBFAF /* rsmiles_saver.cpp */,
				A7EDA5431062503D006CBFAF /* rxnfile_loader.cpp */,
				A7EDA5441062503D006CBFAF /* rxnfile_saver.cpp */,
			);
			name = src;
			sourceTree = "<group>";
		};
		A7EDA55710625076006CBFAF /* Products */ = {
			isa = PBXGroup;
			children = (
				A7EDA55610625076006CBFAF /* libreaction.a */,
			);
			name = Products;
			sourceTree = "<group>";
		};
/* End PBXGroup section */

/* Begin PBXHeadersBuildPhase section */
		A7EDA55210625076006CBFAF /* Headers */ = {
			isa = PBXHeadersBuildPhase;
			buildActionMask = 2147483647;
			files = (
			);
			runOnlyForDeploymentPostprocessing = 0;
		};
/* End PBXHeadersBuildPhase section */

/* Begin PBXNativeTarget section */
		A7EDA55510625076006CBFAF /* reaction */ = {
			isa = PBXNativeTarget;
			buildConfigurationList = A7EDA55A10625077006CBFAF /* Build configuration list for PBXNativeTarget "reaction" */;
			buildPhases = (
				A7EDA55210625076006CBFAF /* Headers */,
				A7EDA55310625076006CBFAF /* Sources */,
				A7EDA55410625076006CBFAF /* Frameworks */,
			);
			buildRules = (
			);
			dependencies = (
			);
			name = reaction;
			productName = reaction;
			productReference = A7EDA55610625076006CBFAF /* libreaction.a */;
			productType = "com.apple.product-type.library.static";
		};
/* End PBXNativeTarget section */

/* Begin PBXProject section */
		A7EDA52C10625014006CBFAF /* Project object */ = {
			isa = PBXProject;
			buildConfigurationList = A7EDA52F10625014006CBFAF /* Build configuration list for PBXProject "reaction" */;
			compatibilityVersion = "Xcode 2.4";
			developmentRegion = English;
			hasScannedForEncodings = 0;
			knownRegions = (
				English,
				Japanese,
				French,
				German,
			);
			mainGroup = A7EDA52A10625014006CBFAF;
			productRefGroup = A7EDA55710625076006CBFAF /* Products */;
			projectDirPath = "";
			projectRoot = "";
			targets = (
				A7EDA55510625076006CBFAF /* reaction */,
			);
		};
/* End PBXProject section */

/* Begin PBXSourcesBuildPhase section */
		A7EDA55310625076006CBFAF /* Sources */ = {
			isa = PBXSourcesBuildPhase;
			buildActionMask = 2147483647;
			files = (
				A7EDA55D106250A8006CBFAF /* crf_loader.cpp in Sources */,
				A7EDA55E106250A8006CBFAF /* icr_loader.cpp in Sources */,
				A7EDA55F106250A8006CBFAF /* rxnfile_loader.cpp in Sources */,
				A7EDA560106250A8006CBFAF /* rxnfile_saver.cpp in Sources */,
				A7EDA561106250A8006CBFAF /* rsmiles_loader.cpp in Sources */,
				A7EDA562106250A8006CBFAF /* rsmiles_saver.cpp in Sources */,
				A7EDA563106250A8006CBFAF /* reaction_auto_loader.cpp in Sources */,
				A7EDA564106250A8006CBFAF /* crf_saver.cpp in Sources */,
				A7EDA565106250A8006CBFAF /* reaction.cpp in Sources */,
				A7EDA566106250A8006CBFAF /* reaction_substructure_matcher.cpp in Sources */,
				A7EDA567106250A8006CBFAF /* reaction_automapper.cpp in Sources */,
				A7EDA568106250A8006CBFAF /* reaction_fingerprint.cpp in Sources */,
				A7EDA569106250A8006CBFAF /* icr_saver.cpp in Sources */,
				A7A3DB39117F6FB800DA2893 /* reaction_enumerator_state.cpp in Sources */,
				A7A3DB3A117F6FB800DA2893 /* reaction_product_enumerator.cpp in Sources */,
				A795EFE211B51B7D005A9036 /* base_reaction.cpp in Sources */,
				A795EFE311B51B7D005A9036 /* query_reaction.cpp in Sources */,
				A795EFE411B51B7D005A9036 /* reaction_highlighting.cpp in Sources */,
				A7E9C70E11C91F0C0011961B /* reaction_neighborhood_counters.cpp in Sources */,
				A778DF111250ADE00098784F /* base_reaction_substructure_matcher.cpp in Sources */,
				A778DF121250ADE00098784F /* reaction_exact_matcher.cpp in Sources */,
			);
			runOnlyForDeploymentPostprocessing = 0;
		};
/* End PBXSourcesBuildPhase section */

/* Begin XCBuildConfiguration section */
		A7EDA52D10625014006CBFAF /* Debug */ = {
			isa = XCBuildConfiguration;
			buildSettings = {
				COPY_PHASE_STRIP = NO;
			};
			name = Debug;
		};
		A7EDA52E10625014006CBFAF /* Release */ = {
			isa = XCBuildConfiguration;
			buildSettings = {
				COPY_PHASE_STRIP = YES;
			};
			name = Release;
		};
		A7EDA55810625077006CBFAF /* Debug */ = {
			isa = XCBuildConfiguration;
			buildSettings = {
				ALWAYS_SEARCH_USER_PATHS = NO;
				ARCHS = "$(ONLY_ACTIVE_ARCH_PRE_XCODE_3_1)";
				COPY_PHASE_STRIP = NO;
				GCC_DYNAMIC_NO_PIC = NO;
				GCC_ENABLE_FIX_AND_CONTINUE = YES;
				GCC_INLINES_ARE_PRIVATE_EXTERN = YES;
				GCC_MODEL_TUNING = G5;
				GCC_OPTIMIZATION_LEVEL = 0;
				GCC_SYMBOLS_PRIVATE_EXTERN = NO;
				GCC_VERSION = 4.2;
				HEADER_SEARCH_PATHS = (
					..,
					../common,
				);
				INSTALL_PATH = /usr/local/lib;
				ONLY_ACTIVE_ARCH_PRE_XCODE_3_1 = "$(NATIVE_ARCH_ACTUAL)";
				PREBINDING = NO;
				PRODUCT_NAME = reaction;
				SDKROOT = "";
				SKIP_INSTALL = YES;
			};
			name = Debug;
		};
		A7EDA55910625077006CBFAF /* Release */ = {
			isa = XCBuildConfiguration;
			buildSettings = {
				ALWAYS_SEARCH_USER_PATHS = NO;
				ARCHS = "$(ARCHS_STANDARD_32_64_BIT_PRE_XCODE_3_1)";
				ARCHS_STANDARD_32_64_BIT_PRE_XCODE_3_1 = "x86_64 i386 ppc";
				COPY_PHASE_STRIP = YES;
				DEBUG_INFORMATION_FORMAT = "dwarf-with-dsym";
				GCC_ENABLE_FIX_AND_CONTINUE = NO;
				GCC_INLINES_ARE_PRIVATE_EXTERN = YES;
				GCC_MODEL_TUNING = G5;
				HEADER_SEARCH_PATHS = (
					..,
					../common,
				);
				INSTALL_PATH = /usr/local/lib;
				ONLY_ACTIVE_ARCH = NO;
				PREBINDING = NO;
				PRODUCT_NAME = reaction;
				SKIP_INSTALL = YES;
				VALID_ARCHS = "i386 ppc ppc64 ppc7400 ppc970 x86_64";
				ZERO_LINK = NO;
			};
			name = Release;
		};
/* End XCBuildConfiguration section */

/* Begin XCConfigurationList section */
		A7EDA52F10625014006CBFAF /* Build configuration list for PBXProject "reaction" */ = {
			isa = XCConfigurationList;
			buildConfigurations = (
				A7EDA52D10625014006CBFAF /* Debug */,
				A7EDA52E10625014006CBFAF /* Release */,
			);
			defaultConfigurationIsVisible = 0;
			defaultConfigurationName = Release;
		};
		A7EDA55A10625077006CBFAF /* Build configuration list for PBXNativeTarget "reaction" */ = {
			isa = XCConfigurationList;
			buildConfigurations = (
				A7EDA55810625077006CBFAF /* Debug */,
				A7EDA55910625077006CBFAF /* Release */,
			);
			defaultConfigurationIsVisible = 0;
			defaultConfigurationName = Release;
		};
/* End XCConfigurationList section */
	};
	rootObject = A7EDA52C10625014006CBFAF /* Project object */;
}
