
Microsoft Visual Studio Solution File, Format Version 10.00
# Visual Studio 2008
Project("{8BC9CEB8-8B4A-11D0-8D11-00A0C91BC942}") = "patmake", "patmake.vcproj", "{A5395DB0-0372-45FB-8415-346F936D3EBD}"
	ProjectSection(ProjectDependencies) = postProject
		{D69C5B23-48C2-400B-9BCD-B8276756B673} = {D69C5B23-48C2-400B-9BCD-B8276756B673}
	EndProjectSection
EndProject
Project("{8BC9CEB8-8B4A-11D0-8D11-00A0C91BC942}") = "molecule", "..\..\molecule\molecule.vcproj", "{D69C5B23-48C2-400B-9BCD-B8276756B673}"
	ProjectSection(ProjectDependencies) = postProject
		{C6C11F43-43CD-4E5A-9FC5-B113A8B6F4F5} = {C6C11F43-43CD-4E5A-9FC5-B113A8B6F4F5}
	EndProjectSection
EndProject
Project("{8BC9CEB8-8B4A-11D0-8D11-00A0C91BC942}") = "graph", "..\..\graph\graph.vcproj", "{C6C11F43-43CD-4E5A-9FC5-B113A8B6F4F5}"
EndProject
Global
	GlobalSection(SolutionConfigurationPlatforms) = preSolution
		Debug|Win32 = Debug|Win32
		Release|Win32 = Release|Win32
	EndGlobalSection
	GlobalSection(ProjectConfigurationPlatforms) = postSolution
		{A5395DB0-0372-45FB-8415-346F936D3EBD}.Debug|Win32.ActiveCfg = Debug|Win32
		{A5395DB0-0372-45FB-8415-346F936D3EBD}.Debug|Win32.Build.0 = Debug|Win32
		{A5395DB0-0372-45FB-8415-346F936D3EBD}.Release|Win32.ActiveCfg = Release|Win32
		{A5395DB0-0372-45FB-8415-346F936D3EBD}.Release|Win32.Build.0 = Release|Win32
		{D69C5B23-48C2-400B-9BCD-B8276756B673}.Debug|Win32.ActiveCfg = Debug|Win32
		{D69C5B23-48C2-400B-9BCD-B8276756B673}.Debug|Win32.Build.0 = Debug|Win32
		{D69C5B23-48C2-400B-9BCD-B8276756B673}.Release|Win32.ActiveCfg = Release|Win32
		{D69C5B23-48C2-400B-9BCD-B8276756B673}.Release|Win32.Build.0 = Release|Win32
		{C6C11F43-43CD-4E5A-9FC5-B113A8B6F4F5}.Debug|Win32.ActiveCfg = Debug|Win32
		{C6C11F43-43CD-4E5A-9FC5-B113A8B6F4F5}.Debug|Win32.Build.0 = Debug|Win32
		{C6C11F43-43CD-4E5A-9FC5-B113A8B6F4F5}.Release|Win32.ActiveCfg = Release|Win32
		{C6C11F43-43CD-4E5A-9FC5-B113A8B6F4F5}.Release|Win32.Build.0 = Release|Win32
	EndGlobalSection
	GlobalSection(SolutionProperties) = preSolution
		HideSolutionNode = FALSE
	EndGlobalSection
EndGlobal
