<?xml version="1.0" encoding="utf-8"?>
<Project ToolsVersion="4.0" xmlns="http://schemas.microsoft.com/developer/msbuild/2003">
  <ItemGroup>
    <Filter Include="common">
      <UniqueIdentifier>{05957fe2-c9b5-4fcf-ba1a-ab814f1ac48c}</UniqueIdentifier>
    </Filter>
  </ItemGroup>
  <ItemGroup>
    <ClInclude Include="..\..\common\base_c\os_dir.h">
      <Filter>common</Filter>
    </ClInclude>
  </ItemGroup>
  <ItemGroup>
    <ClCompile Include="..\..\common\base_c\os_dir_win32.c">
      <Filter>common</Filter>
    </ClCompile>
    <ClCompile Include="main.c" />
  </ItemGroup>
</Project>