// !$*UTF8*$!
{
	archiveVersion = 1;
	classes = {
	};
	objectVersion = 42;
	objects = {

/* Begin PBXBuildFile section */
		A7A3DB04117F6E5500DA2893 /* libz.dylib in Frameworks */ = {isa = PBXBuildFile; fileRef = A7A3DB03117F6E5500DA2893 /* libz.dylib */; };
		A7A3DB05117F6EC200DA2893 /* legio_c.cpp in Sources */ = {isa = PBXBuildFile; fileRef = A7A3DADD117F6D9700DA2893 /* legio_c.cpp */; };
		A7A3DB06117F6ECB00DA2893 /* libgraph.a in Frameworks */ = {isa = PBXBuildFile; fileRef = A7A3DAE7117F6DEB00DA2893 /* libgraph.a */; };
		A7A3DB07117F6ECE00DA2893 /* libmolecule.a in Frameworks */ = {isa = PBXBuildFile; fileRef = A7A3DAF5117F6DF800DA2893 /* libmolecule.a */; };
		A7A3DB1F117F6F2A00DA2893 /* libreaction.a in Frameworks */ = {isa = PBXBuildFile; fileRef = A7A3DB1C117F6F1700DA2893 /* libreaction.a */; };
		A7A3DB2F117F6F8600DA2893 /* liblayout.a in Frameworks */ = {isa = PBXBuildFile; fileRef = A7A3DB2C117F6F5200DA2893 /* liblayout.a */; };
		A7A3DB5F117F707400DA2893 /* legio_c.cpp in Sources */ = {isa = PBXBuildFile; fileRef = A7A3DADD117F6D9700DA2893 /* legio_c.cpp */; };
/* End PBXBuildFile section */

/* Begin PBXContainerItemProxy section */
		A7A3DAE6117F6DEB00DA2893 /* PBXContainerItemProxy */ = {
			isa = PBXContainerItemProxy;
			containerPortal = A7A3DADF117F6DEA00DA2893 /* graph.xcodeproj */;
			proxyType = 2;
			remoteGlobalIDString = A7EDA3FC10624B53006CBFAF;
			remoteInfo = graph;
		};
		A7A3DAF4117F6DF800DA2893 /* PBXContainerItemProxy */ = {
			isa = PBXContainerItemProxy;
			containerPortal = A7A3DAE8117F6DF800DA2893 /* molecule.xcodeproj */;
			proxyType = 2;
			remoteGlobalIDString = A7EDA4CE10624F33006CBFAF;
			remoteInfo = molecule;
		};
		A7A3DAFF117F6E3800DA2893 /* PBXContainerItemProxy */ = {
			isa = PBXContainerItemProxy;
			containerPortal = A7A3DADF117F6DEA00DA2893 /* graph.xcodeproj */;
			proxyType = 1;
			remoteGlobalIDString = A7EDA3FB10624B53006CBFAF;
			remoteInfo = graph;
		};
		A7A3DB01117F6E3B00DA2893 /* PBXContainerItemProxy */ = {
			isa = PBXContainerItemProxy;
			containerPortal = A7A3DAE8117F6DF800DA2893 /* molecule.xcodeproj */;
			proxyType = 1;
			remoteGlobalIDString = A7EDA4CD10624F33006CBFAF;
			remoteInfo = molecule;
		};
		A7A3DB1B117F6F1700DA2893 /* PBXContainerItemProxy */ = {
			isa = PBXContainerItemProxy;
			containerPortal = A7A3DB12117F6F1700DA2893 /* reaction.xcodeproj */;
			proxyType = 2;
			remoteGlobalIDString = A7EDA55610625076006CBFAF;
			remoteInfo = reaction;
		};
		A7A3DB1D117F6F2300DA2893 /* PBXContainerItemProxy */ = {
			isa = PBXContainerItemProxy;
			containerPortal = A7A3DB12117F6F1700DA2893 /* reaction.xcodeproj */;
			proxyType = 1;
			remoteGlobalIDString = A7EDA55510625076006CBFAF;
			remoteInfo = reaction;
		};
		A7A3DB2B117F6F5200DA2893 /* PBXContainerItemProxy */ = {
			isa = PBXContainerItemProxy;
			containerPortal = A7A3DB22117F6F5200DA2893 /* layout.xcodeproj */;
			proxyType = 2;
			remoteGlobalIDString = A7EDA5CA106251C3006CBFAF;
			remoteInfo = layout;
		};
		A7A3DB2D117F6F7D00DA2893 /* PBXContainerItemProxy */ = {
			isa = PBXContainerItemProxy;
			containerPortal = A7A3DB22117F6F5200DA2893 /* layout.xcodeproj */;
			proxyType = 1;
			remoteGlobalIDString = A7EDA5C9106251C3006CBFAF;
			remoteInfo = layout;
		};
/* End PBXContainerItemProxy section */

/* Begin PBXFileReference section */
		A7A3DADD117F6D9700DA2893 /* legio_c.cpp */ = {isa = PBXFileReference; fileEncoding = 4; lastKnownFileType = sourcecode.cpp.cpp; name = legio_c.cpp; path = src/legio_c.cpp; sourceTree = "<group>"; };
		A7A3DADE117F6DA100DA2893 /* legio_c.h */ = {isa = PBXFileReference; fileEncoding = 4; lastKnownFileType = sourcecode.c.h; path = legio_c.h; sourceTree = "<group>"; };
		A7A3DADF117F6DEA00DA2893 /* graph.xcodeproj */ = {isa = PBXFileReference; lastKnownFileType = "wrapper.pb-project"; name = graph.xcodeproj; path = ../graph/graph.xcodeproj; sourceTree = SOURCE_ROOT; };
		A7A3DAE8117F6DF800DA2893 /* molecule.xcodeproj */ = {isa = PBXFileReference; lastKnownFileType = "wrapper.pb-project"; name = molecule.xcodeproj; path = ../molecule/molecule.xcodeproj; sourceTree = SOURCE_ROOT; };
		A7A3DAFA117F6E2700DA2893 /* liblegio.dylib */ = {isa = PBXFileReference; explicitFileType = "compiled.mach-o.dylib"; includeInIndex = 0; path = liblegio.dylib; sourceTree = BUILT_PRODUCTS_DIR; };
		A7A3DB03117F6E5500DA2893 /* libz.dylib */ = {isa = PBXFileReference; lastKnownFileType = "compiled.mach-o.dylib"; name = libz.dylib; path = /usr/lib/libz.dylib; sourceTree = "<absolute>"; };
		A7A3DB12117F6F1700DA2893 /* reaction.xcodeproj */ = {isa = PBXFileReference; lastKnownFileType = "wrapper.pb-project"; name = reaction.xcodeproj; path = ../reaction/reaction.xcodeproj; sourceTree = SOURCE_ROOT; };
		A7A3DB22117F6F5200DA2893 /* layout.xcodeproj */ = {isa = PBXFileReference; lastKnownFileType = "wrapper.pb-project"; name = layout.xcodeproj; path = ../layout/layout.xcodeproj; sourceTree = SOURCE_ROOT; };
		A7A3DB48117F700E00DA2893 /* liblegio.a */ = {isa = PBXFileReference; explicitFileType = archive.ar; includeInIndex = 0; path = liblegio.a; sourceTree = BUILT_PRODUCTS_DIR; };
/* End PBXFileReference section */

/* Begin PBXFrameworksBuildPhase section */
		A7A3DAF8117F6E2700DA2893 /* Frameworks */ = {
			isa = PBXFrameworksBuildPhase;
			buildActionMask = 2147483647;
			files = (
				A7A3DB2F117F6F8600DA2893 /* liblayout.a in Frameworks */,
				A7A3DB1F117F6F2A00DA2893 /* libreaction.a in Frameworks */,
				A7A3DB06117F6ECB00DA2893 /* libgraph.a in Frameworks */,
				A7A3DB07117F6ECE00DA2893 /* libmolecule.a in Frameworks */,
				A7A3DB04117F6E5500DA2893 /* libz.dylib in Frameworks */,
			);
			runOnlyForDeploymentPostprocessing = 0;
		};
		A7A3DB46117F700E00DA2893 /* Frameworks */ = {
			isa = PBXFrameworksBuildPhase;
			buildActionMask = 2147483647;
			files = (
			);
			runOnlyForDeploymentPostprocessing = 0;
		};
/* End PBXFrameworksBuildPhase section */

/* Begin PBXGroup section */
		A7A3DACF117F6D6500DA2893 = {
			isa = PBXGroup;
			children = (
				A7A3DB22117F6F5200DA2893 /* layout.xcodeproj */,
				A7A3DB12117F6F1700DA2893 /* reaction.xcodeproj */,
				A7A3DAE8117F6DF800DA2893 /* molecule.xcodeproj */,
				A7A3DADF117F6DEA00DA2893 /* graph.xcodeproj */,
				A7A3DADC117F6D8100DA2893 /* src */,
				A7A3DAFB117F6E2700DA2893 /* Products */,
				A7A3DB03117F6E5500DA2893 /* libz.dylib */,
			);
			sourceTree = "<group>";
		};
		A7A3DADC117F6D8100DA2893 /* src */ = {
			isa = PBXGroup;
			children = (
				A7A3DADE117F6DA100DA2893 /* legio_c.h */,
				A7A3DADD117F6D9700DA2893 /* legio_c.cpp */,
			);
			name = src;
			sourceTree = "<group>";
		};
		A7A3DAE0117F6DEA00DA2893 /* Products */ = {
			isa = PBXGroup;
			children = (
				A7A3DAE7117F6DEB00DA2893 /* libgraph.a */,
			);
			name = Products;
			sourceTree = "<group>";
		};
		A7A3DAE9117F6DF800DA2893 /* Products */ = {
			isa = PBXGroup;
			children = (
				A7A3DAF5117F6DF800DA2893 /* libmolecule.a */,
			);
			name = Products;
			sourceTree = "<group>";
		};
		A7A3DAFB117F6E2700DA2893 /* Products */ = {
			isa = PBXGroup;
			children = (
				A7A3DAFA117F6E2700DA2893 /* liblegio.dylib */,
				A7A3DB48117F700E00DA2893 /* liblegio.a */,
			);
			name = Products;
			sourceTree = "<group>";
		};
		A7A3DB13117F6F1700DA2893 /* Products */ = {
			isa = PBXGroup;
			children = (
				A7A3DB1C117F6F1700DA2893 /* libreaction.a */,
			);
			name = Products;
			sourceTree = "<group>";
		};
		A7A3DB23117F6F5200DA2893 /* Products */ = {
			isa = PBXGroup;
			children = (
				A7A3DB2C117F6F5200DA2893 /* liblayout.a */,
			);
			name = Products;
			sourceTree = "<group>";
		};
/* End PBXGroup section */

/* Begin PBXHeadersBuildPhase section */
		A7A3DAF6117F6E2700DA2893 /* Headers */ = {
			isa = PBXHeadersBuildPhase;
			buildActionMask = 2147483647;
			files = (
			);
			runOnlyForDeploymentPostprocessing = 0;
		};
		A7A3DB44117F700E00DA2893 /* Headers */ = {
			isa = PBXHeadersBuildPhase;
			buildActionMask = 2147483647;
			files = (
			);
			runOnlyForDeploymentPostprocessing = 0;
		};
/* End PBXHeadersBuildPhase section */

/* Begin PBXNativeTarget section */
		A7A3DAF9117F6E2700DA2893 /* legiodynamic */ = {
			isa = PBXNativeTarget;
			buildConfigurationList = A7A3DAFE117F6E2700DA2893 /* Build configuration list for PBXNativeTarget "legiodynamic" */;
			buildPhases = (
				A7A3DAF6117F6E2700DA2893 /* Headers */,
				A7A3DAF7117F6E2700DA2893 /* Sources */,
				A7A3DAF8117F6E2700DA2893 /* Frameworks */,
			);
			buildRules = (
			);
			dependencies = (
				A7A3DB00117F6E3800DA2893 /* PBXTargetDependency */,
				A7A3DB02117F6E3B00DA2893 /* PBXTargetDependency */,
				A7A3DB1E117F6F2300DA2893 /* PBXTargetDependency */,
				A7A3DB2E117F6F7D00DA2893 /* PBXTargetDependency */,
			);
			name = legiodynamic;
			productName = legio;
			productReference = A7A3DAFA117F6E2700DA2893 /* liblegio.dylib */;
			productType = "com.apple.product-type.library.dynamic";
		};
		A7A3DB47117F700E00DA2893 /* legiostatic */ = {
			isa = PBXNativeTarget;
			buildConfigurationList = A7A3DB54117F705900DA2893 /* Build configuration list for PBXNativeTarget "legiostatic" */;
			buildPhases = (
				A7A3DB44117F700E00DA2893 /* Headers */,
				A7A3DB45117F700E00DA2893 /* Sources */,
				A7A3DB46117F700E00DA2893 /* Frameworks */,
			);
			buildRules = (
			);
			dependencies = (
			);
			name = legiostatic;
			productName = legio;
			productReference = A7A3DB48117F700E00DA2893 /* liblegio.a */;
			productType = "com.apple.product-type.library.static";
		};
/* End PBXNativeTarget section */

/* Begin PBXProject section */
		A7A3DAD1117F6D6500DA2893 /* Project object */ = {
			isa = PBXProject;
			buildConfigurationList = A7A3DAD4117F6D6500DA2893 /* Build configuration list for PBXProject "legio" */;
			compatibilityVersion = "Xcode 2.4";
			hasScannedForEncodings = 0;
			mainGroup = A7A3DACF117F6D6500DA2893;
			productRefGroup = A7A3DAFB117F6E2700DA2893 /* Products */;
			projectDirPath = "";
			projectReferences = (
				{
					ProductGroup = A7A3DAE0117F6DEA00DA2893 /* Products */;
					ProjectRef = A7A3DADF117F6DEA00DA2893 /* graph.xcodeproj */;
				},
				{
					ProductGroup = A7A3DB23117F6F5200DA2893 /* Products */;
					ProjectRef = A7A3DB22117F6F5200DA2893 /* layout.xcodeproj */;
				},
				{
					ProductGroup = A7A3DAE9117F6DF800DA2893 /* Products */;
					ProjectRef = A7A3DAE8117F6DF800DA2893 /* molecule.xcodeproj */;
				},
				{
					ProductGroup = A7A3DB13117F6F1700DA2893 /* Products */;
					ProjectRef = A7A3DB12117F6F1700DA2893 /* reaction.xcodeproj */;
				},
			);
			projectRoot = "";
			targets = (
				A7A3DAF9117F6E2700DA2893 /* legiodynamic */,
				A7A3DB47117F700E00DA2893 /* legiostatic */,
			);
		};
/* End PBXProject section */

/* Begin PBXReferenceProxy section */
		A7A3DAE7117F6DEB00DA2893 /* libgraph.a */ = {
			isa = PBXReferenceProxy;
			fileType = archive.ar;
			path = libgraph.a;
			remoteRef = A7A3DAE6117F6DEB00DA2893 /* PBXContainerItemProxy */;
			sourceTree = BUILT_PRODUCTS_DIR;
		};
		A7A3DAF5117F6DF800DA2893 /* libmolecule.a */ = {
			isa = PBXReferenceProxy;
			fileType = archive.ar;
			path = libmolecule.a;
			remoteRef = A7A3DAF4117F6DF800DA2893 /* PBXContainerItemProxy */;
			sourceTree = BUILT_PRODUCTS_DIR;
		};
		A7A3DB1C117F6F1700DA2893 /* libreaction.a */ = {
			isa = PBXReferenceProxy;
			fileType = archive.ar;
			path = libreaction.a;
			remoteRef = A7A3DB1B117F6F1700DA2893 /* PBXContainerItemProxy */;
			sourceTree = BUILT_PRODUCTS_DIR;
		};
		A7A3DB2C117F6F5200DA2893 /* liblayout.a */ = {
			isa = PBXReferenceProxy;
			fileType = archive.ar;
			path = liblayout.a;
			remoteRef = A7A3DB2B117F6F5200DA2893 /* PBXContainerItemProxy */;
			sourceTree = BUILT_PRODUCTS_DIR;
		};
/* End PBXReferenceProxy section */

/* Begin PBXSourcesBuildPhase section */
		A7A3DAF7117F6E2700DA2893 /* Sources */ = {
			isa = PBXSourcesBuildPhase;
			buildActionMask = 2147483647;
			files = (
				A7A3DB05117F6EC200DA2893 /* legio_c.cpp in Sources */,
			);
			runOnlyForDeploymentPostprocessing = 0;
		};
		A7A3DB45117F700E00DA2893 /* Sources */ = {
			isa = PBXSourcesBuildPhase;
			buildActionMask = 2147483647;
			files = (
				A7A3DB5F117F707400DA2893 /* legio_c.cpp in Sources */,
			);
			runOnlyForDeploymentPostprocessing = 0;
		};
/* End PBXSourcesBuildPhase section */

/* Begin PBXTargetDependency section */
		A7A3DB00117F6E3800DA2893 /* PBXTargetDependency */ = {
			isa = PBXTargetDependency;
			name = graph;
			targetProxy = A7A3DAFF117F6E3800DA2893 /* PBXContainerItemProxy */;
		};
		A7A3DB02117F6E3B00DA2893 /* PBXTargetDependency */ = {
			isa = PBXTargetDependency;
			name = molecule;
			targetProxy = A7A3DB01117F6E3B00DA2893 /* PBXContainerItemProxy */;
		};
		A7A3DB1E117F6F2300DA2893 /* PBXTargetDependency */ = {
			isa = PBXTargetDependency;
			name = reaction;
			targetProxy = A7A3DB1D117F6F2300DA2893 /* PBXContainerItemProxy */;
		};
		A7A3DB2E117F6F7D00DA2893 /* PBXTargetDependency */ = {
			isa = PBXTargetDependency;
			name = layout;
			targetProxy = A7A3DB2D117F6F7D00DA2893 /* PBXContainerItemProxy */;
		};
/* End PBXTargetDependency section */

/* Begin XCBuildConfiguration section */
		A7A3DAD2117F6D6500DA2893 /* Debug */ = {
			isa = XCBuildConfiguration;
			buildSettings = {
				COPY_PHASE_STRIP = NO;
			};
			name = Debug;
		};
		A7A3DAD3117F6D6500DA2893 /* Release */ = {
			isa = XCBuildConfiguration;
			buildSettings = {
				COPY_PHASE_STRIP = YES;
			};
			name = Release;
		};
		A7A3DAFC117F6E2700DA2893 /* Debug */ = {
			isa = XCBuildConfiguration;
			buildSettings = {
				ALWAYS_SEARCH_USER_PATHS = NO;
				ARCHS = "$(ONLY_ACTIVE_ARCH_PRE_XCODE_3_1)";
				COPY_PHASE_STRIP = NO;
				EXECUTABLE_PREFIX = lib;
				GCC_DYNAMIC_NO_PIC = NO;
				GCC_ENABLE_FIX_AND_CONTINUE = YES;
				GCC_MODEL_TUNING = G5;
				GCC_OPTIMIZATION_LEVEL = 0;
				HEADER_SEARCH_PATHS = (
					..,
					../common,
				);
				INSTALL_PATH = /usr/local/lib;
				ONLY_ACTIVE_ARCH_PRE_XCODE_3_1 = "$(NATIVE_ARCH_ACTUAL)";
				PREBINDING = NO;
				PRODUCT_NAME = legio;
			};
			name = Debug;
		};
		A7A3DAFD117F6E2700DA2893 /* Release */ = {
			isa = XCBuildConfiguration;
			buildSettings = {
				ALWAYS_SEARCH_USER_PATHS = NO;
				ARCHS = "$(ARCHS_STANDARD_32_64_BIT_PRE_XCODE_3_1)";
				ARCHS_STANDARD_32_64_BIT_PRE_XCODE_3_1 = "x86_64 i386 ppc";
				COPY_PHASE_STRIP = YES;
				DEBUG_INFORMATION_FORMAT = "dwarf-with-dsym";
				EXECUTABLE_PREFIX = lib;
				GCC_ENABLE_FIX_AND_CONTINUE = NO;
				GCC_MODEL_TUNING = G5;
				HEADER_SEARCH_PATHS = (
					..,
					../common,
				);
				INSTALL_PATH = /usr/local/lib;
				PREBINDING = NO;
				PRODUCT_NAME = legio;
				ZERO_LINK = NO;
			};
			name = Release;
		};
		A7A3DB49117F700E00DA2893 /* Debug */ = {
			isa = XCBuildConfiguration;
			buildSettings = {
				ALWAYS_SEARCH_USER_PATHS = NO;
				ARCHS = "$(ONLY_ACTIVE_ARCH_PRE_XCODE_3_1)";
				COPY_PHASE_STRIP = NO;
				GCC_DYNAMIC_NO_PIC = NO;
				GCC_ENABLE_FIX_AND_CONTINUE = YES;
				GCC_INLINES_ARE_PRIVATE_EXTERN = YES;
				GCC_MODEL_TUNING = G5;
				GCC_OPTIMIZATION_LEVEL = 0;
				HEADER_SEARCH_PATHS = (
					..,
					../common,
				);
				INSTALL_PATH = /usr/local/lib;
				ONLY_ACTIVE_ARCH_PRE_XCODE_3_1 = "$(NATIVE_ARCH_ACTUAL)";
				PREBINDING = NO;
				PRODUCT_NAME = legio;
			};
			name = Debug;
		};
		A7A3DB4A117F700E00DA2893 /* Release */ = {
			isa = XCBuildConfiguration;
			buildSettings = {
				ALWAYS_SEARCH_USER_PATHS = NO;
				ARCHS = "$(ARCHS_STANDARD_32_64_BIT_PRE_XCODE_3_1)";
				ARCHS_STANDARD_32_64_BIT_PRE_XCODE_3_1 = "x86_64 i386 ppc";
				COPY_PHASE_STRIP = YES;
				DEBUG_INFORMATION_FORMAT = "dwarf-with-dsym";
				GCC_ENABLE_FIX_AND_CONTINUE = NO;
				GCC_INLINES_ARE_PRIVATE_EXTERN = YES;
				GCC_MODEL_TUNING = G5;
				HEADER_SEARCH_PATHS = (
					..,
					../common,
				);
				INSTALL_PATH = /usr/local/lib;
				PREBINDING = NO;
				PRODUCT_NAME = legio;
				ZERO_LINK = NO;
			};
			name = Release;
		};
/* End XCBuildConfiguration section */

/* Begin XCConfigurationList section */
		A7A3DAD4117F6D6500DA2893 /* Build configuration list for PBXProject "legio" */ = {
			isa = XCConfigurationList;
			buildConfigurations = (
				A7A3DAD2117F6D6500DA2893 /* Debug */,
				A7A3DAD3117F6D6500DA2893 /* Release */,
			);
			defaultConfigurationIsVisible = 0;
			defaultConfigurationName = Release;
		};
		A7A3DAFE117F6E2700DA2893 /* Build configuration list for PBXNativeTarget "legiodynamic" */ = {
			isa = XCConfigurationList;
			buildConfigurations = (
				A7A3DAFC117F6E2700DA2893 /* Debug */,
				A7A3DAFD117F6E2700DA2893 /* Release */,
			);
			defaultConfigurationIsVisible = 0;
			defaultConfigurationName = Release;
		};
		A7A3DB54117F705900DA2893 /* Build configuration list for PBXNativeTarget "legiostatic" */ = {
			isa = XCConfigurationList;
			buildConfigurations = (
				A7A3DB49117F700E00DA2893 /* Debug */,
				A7A3DB4A117F700E00DA2893 /* Release */,
			);
			defaultConfigurationIsVisible = 0;
			defaultConfigurationName = Release;
		};
/* End XCConfigurationList section */
	};
	rootObject = A7A3DAD1117F6D6500DA2893 /* Project object */;
}
